// !$*UTF8*$!
{
	archiveVersion = 1;
	classes = {
	};
	objectVersion = 50;
	objects = {

/* Begin PBXBuildFile section */
		5B4BBB3A229F6B860088F97E /* main.cpp in Sources */ = {isa = PBXBuildFile; fileRef = 5B4BBB39229F6B860088F97E /* main.cpp */; };
		5B4C23D8226442ED00DFE5D2 /* libopencv_photo.dylib in Frameworks */ = {isa = PBXBuildFile; fileRef = 5B4C234B226442EA00DFE5D2 /* libopencv_photo.dylib */; };
		5B4C23D9226442ED00DFE5D2 /* libopencv_optflow.dylib in Frameworks */ = {isa = PBXBuildFile; fileRef = 5B4C234C226442EA00DFE5D2 /* libopencv_optflow.dylib */; };
		5B4C23DA226442ED00DFE5D2 /* libopencv_dpm.4.1.0.dylib in Frameworks */ = {isa = PBXBuildFile; fileRef = 5B4C234D226442EA00DFE5D2 /* libopencv_dpm.4.1.0.dylib */; };
		5B4C23DB226442ED00DFE5D2 /* libopencv_calib3d.4.1.0.dylib in Frameworks */ = {isa = PBXBuildFile; fileRef = 5B4C234E226442EA00DFE5D2 /* libopencv_calib3d.4.1.0.dylib */; };
		5B4C23DC226442ED00DFE5D2 /* libopencv_highgui.dylib in Frameworks */ = {isa = PBXBuildFile; fileRef = 5B4C234F226442EA00DFE5D2 /* libopencv_highgui.dylib */; };
		5B4C23DD226442ED00DFE5D2 /* libopencv_hfs.4.1.0.dylib in Frameworks */ = {isa = PBXBuildFile; fileRef = 5B4C2350226442EA00DFE5D2 /* libopencv_hfs.4.1.0.dylib */; };
		5B4C23DE226442ED00DFE5D2 /* libopencv_freetype.4.1.0.dylib in Frameworks */ = {isa = PBXBuildFile; fileRef = 5B4C2351226442EA00DFE5D2 /* libopencv_freetype.4.1.0.dylib */; };
		5B4C23DF226442ED00DFE5D2 /* libopencv_datasets.4.1.dylib in Frameworks */ = {isa = PBXBuildFile; fileRef = 5B4C2352226442EA00DFE5D2 /* libopencv_datasets.4.1.dylib */; };
		5B4C23E0226442ED00DFE5D2 /* libopencv_videostab.4.1.0.dylib in Frameworks */ = {isa = PBXBuildFile; fileRef = 5B4C2353226442EA00DFE5D2 /* libopencv_videostab.4.1.0.dylib */; };
		5B4C23E1226442ED00DFE5D2 /* libopencv_ximgproc.4.1.dylib in Frameworks */ = {isa = PBXBuildFile; fileRef = 5B4C2354226442EA00DFE5D2 /* libopencv_ximgproc.4.1.dylib */; };
		5B4C23E2226442ED00DFE5D2 /* libopencv_phase_unwrapping.dylib in Frameworks */ = {isa = PBXBuildFile; fileRef = 5B4C2355226442EA00DFE5D2 /* libopencv_phase_unwrapping.dylib */; };
		5B4C23E3226442ED00DFE5D2 /* libopencv_quality.dylib in Frameworks */ = {isa = PBXBuildFile; fileRef = 5B4C2356226442EA00DFE5D2 /* libopencv_quality.dylib */; };
		5B4C23E4226442ED00DFE5D2 /* libopencv_features2d.4.1.0.dylib in Frameworks */ = {isa = PBXBuildFile; fileRef = 5B4C2357226442EA00DFE5D2 /* libopencv_features2d.4.1.0.dylib */; };
		5B4C23E5226442ED00DFE5D2 /* libopencv_superres.4.1.dylib in Frameworks */ = {isa = PBXBuildFile; fileRef = 5B4C2358226442EA00DFE5D2 /* libopencv_superres.4.1.dylib */; };
		5B4C23E6226442ED00DFE5D2 /* libopencv_face.dylib in Frameworks */ = {isa = PBXBuildFile; fileRef = 5B4C2359226442EA00DFE5D2 /* libopencv_face.dylib */; };
		5B4C23E7226442ED00DFE5D2 /* libopencv_ml.4.1.0.dylib in Frameworks */ = {isa = PBXBuildFile; fileRef = 5B4C235A226442EA00DFE5D2 /* libopencv_ml.4.1.0.dylib */; };
		5B4C23E8226442ED00DFE5D2 /* libopencv_videoio.4.1.dylib in Frameworks */ = {isa = PBXBuildFile; fileRef = 5B4C235B226442EA00DFE5D2 /* libopencv_videoio.4.1.dylib */; };
		5B4C23E9226442ED00DFE5D2 /* libopencv_gapi.4.1.0.dylib in Frameworks */ = {isa = PBXBuildFile; fileRef = 5B4C235C226442EA00DFE5D2 /* libopencv_gapi.4.1.0.dylib */; };
		5B4C23EA226442ED00DFE5D2 /* libopencv_dnn.4.1.0.dylib in Frameworks */ = {isa = PBXBuildFile; fileRef = 5B4C235D226442EA00DFE5D2 /* libopencv_dnn.4.1.0.dylib */; };
		5B4C23EB226442ED00DFE5D2 /* libopencv_dnn_objdetect.4.1.dylib in Frameworks */ = {isa = PBXBuildFile; fileRef = 5B4C235E226442EA00DFE5D2 /* libopencv_dnn_objdetect.4.1.dylib */; };
		5B4C23EC226442ED00DFE5D2 /* libopencv_highgui.4.1.dylib in Frameworks */ = {isa = PBXBuildFile; fileRef = 5B4C235F226442EA00DFE5D2 /* libopencv_highgui.4.1.dylib */; };
		5B4C23ED226442ED00DFE5D2 /* libopencv_stitching.dylib in Frameworks */ = {isa = PBXBuildFile; fileRef = 5B4C2360226442EA00DFE5D2 /* libopencv_stitching.dylib */; };
		5B4C23EE226442ED00DFE5D2 /* libopencv_img_hash.4.1.0.dylib in Frameworks */ = {isa = PBXBuildFile; fileRef = 5B4C2361226442EA00DFE5D2 /* libopencv_img_hash.4.1.0.dylib */; };
		5B4C23EF226442ED00DFE5D2 /* libopencv_dpm.4.1.dylib in Frameworks */ = {isa = PBXBuildFile; fileRef = 5B4C2362226442EA00DFE5D2 /* libopencv_dpm.4.1.dylib */; };
		5B4C23F0226442ED00DFE5D2 /* libopencv_calib3d.4.1.dylib in Frameworks */ = {isa = PBXBuildFile; fileRef = 5B4C2363226442EA00DFE5D2 /* libopencv_calib3d.4.1.dylib */; };
		5B4C23F1226442ED00DFE5D2 /* libopencv_rgbd.dylib in Frameworks */ = {isa = PBXBuildFile; fileRef = 5B4C2364226442EA00DFE5D2 /* libopencv_rgbd.dylib */; };
		5B4C23F2226442ED00DFE5D2 /* libopencv_bioinspired.dylib in Frameworks */ = {isa = PBXBuildFile; fileRef = 5B4C2365226442EA00DFE5D2 /* libopencv_bioinspired.dylib */; };
		5B4C23F3226442ED00DFE5D2 /* libopencv_structured_light.4.1.0.dylib in Frameworks */ = {isa = PBXBuildFile; fileRef = 5B4C2366226442EA00DFE5D2 /* libopencv_structured_light.4.1.0.dylib */; };
		5B4C23F4226442ED00DFE5D2 /* libopencv_phase_unwrapping.4.1.dylib in Frameworks */ = {isa = PBXBuildFile; fileRef = 5B4C2367226442EA00DFE5D2 /* libopencv_phase_unwrapping.4.1.dylib */; };
		5B4C23F5226442ED00DFE5D2 /* libopencv_tracking.4.1.dylib in Frameworks */ = {isa = PBXBuildFile; fileRef = 5B4C2368226442EA00DFE5D2 /* libopencv_tracking.4.1.dylib */; };
		5B4C23F6226442ED00DFE5D2 /* libopencv_imgproc.4.1.dylib in Frameworks */ = {isa = PBXBuildFile; fileRef = 5B4C2369226442EB00DFE5D2 /* libopencv_imgproc.4.1.dylib */; };
		5B4C23F7226442ED00DFE5D2 /* libopencv_plot.dylib in Frameworks */ = {isa = PBXBuildFile; fileRef = 5B4C236A226442EB00DFE5D2 /* libopencv_plot.dylib */; };
		5B4C23F8226442ED00DFE5D2 /* libopencv_ml.4.1.dylib in Frameworks */ = {isa = PBXBuildFile; fileRef = 5B4C236B226442EB00DFE5D2 /* libopencv_ml.4.1.dylib */; };
		5B4C23F9226442ED00DFE5D2 /* libopencv_quality.4.1.0.dylib in Frameworks */ = {isa = PBXBuildFile; fileRef = 5B4C236C226442EB00DFE5D2 /* libopencv_quality.4.1.0.dylib */; };
		5B4C23FA226442ED00DFE5D2 /* libopencv_text.4.1.0.dylib in Frameworks */ = {isa = PBXBuildFile; fileRef = 5B4C236D226442EB00DFE5D2 /* libopencv_text.4.1.0.dylib */; };
		5B4C23FB226442ED00DFE5D2 /* libopencv_surface_matching.4.1.0.dylib in Frameworks */ = {isa = PBXBuildFile; fileRef = 5B4C236E226442EB00DFE5D2 /* libopencv_surface_matching.4.1.0.dylib */; };
		5B4C23FC226442ED00DFE5D2 /* libopencv_imgproc.4.1.0.dylib in Frameworks */ = {isa = PBXBuildFile; fileRef = 5B4C236F226442EB00DFE5D2 /* libopencv_imgproc.4.1.0.dylib */; };
		5B4C23FD226442ED00DFE5D2 /* libopencv_aruco.dylib in Frameworks */ = {isa = PBXBuildFile; fileRef = 5B4C2370226442EB00DFE5D2 /* libopencv_aruco.dylib */; };
		5B4C23FE226442ED00DFE5D2 /* libopencv_ximgproc.dylib in Frameworks */ = {isa = PBXBuildFile; fileRef = 5B4C2371226442EB00DFE5D2 /* libopencv_ximgproc.dylib */; };
		5B4C23FF226442ED00DFE5D2 /* libopencv_calib3d.dylib in Frameworks */ = {isa = PBXBuildFile; fileRef = 5B4C2372226442EB00DFE5D2 /* libopencv_calib3d.dylib */; };
		5B4C2400226442ED00DFE5D2 /* libopencv_core.4.1.dylib in Frameworks */ = {isa = PBXBuildFile; fileRef = 5B4C2373226442EB00DFE5D2 /* libopencv_core.4.1.dylib */; };
		5B4C2401226442ED00DFE5D2 /* libopencv_core.4.1.0.dylib in Frameworks */ = {isa = PBXBuildFile; fileRef = 5B4C2374226442EB00DFE5D2 /* libopencv_core.4.1.0.dylib */; };
		5B4C2402226442ED00DFE5D2 /* libopencv_flann.dylib in Frameworks */ = {isa = PBXBuildFile; fileRef = 5B4C2375226442EB00DFE5D2 /* libopencv_flann.dylib */; };
		5B4C2403226442ED00DFE5D2 /* libopencv_features2d.dylib in Frameworks */ = {isa = PBXBuildFile; fileRef = 5B4C2376226442EB00DFE5D2 /* libopencv_features2d.dylib */; };
		5B4C2404226442ED00DFE5D2 /* libopencv_line_descriptor.dylib in Frameworks */ = {isa = PBXBuildFile; fileRef = 5B4C2377226442EB00DFE5D2 /* libopencv_line_descriptor.dylib */; };
		5B4C2405226442ED00DFE5D2 /* libopencv_video.4.1.dylib in Frameworks */ = {isa = PBXBuildFile; fileRef = 5B4C2378226442EB00DFE5D2 /* libopencv_video.4.1.dylib */; };
		5B4C2406226442ED00DFE5D2 /* libopencv_ccalib.4.1.0.dylib in Frameworks */ = {isa = PBXBuildFile; fileRef = 5B4C2379226442EB00DFE5D2 /* libopencv_ccalib.4.1.0.dylib */; };
		5B4C2407226442ED00DFE5D2 /* libopencv_text.4.1.dylib in Frameworks */ = {isa = PBXBuildFile; fileRef = 5B4C237A226442EB00DFE5D2 /* libopencv_text.4.1.dylib */; };
		5B4C2408226442ED00DFE5D2 /* libopencv_hfs.4.1.dylib in Frameworks */ = {isa = PBXBuildFile; fileRef = 5B4C237B226442EB00DFE5D2 /* libopencv_hfs.4.1.dylib */; };
		5B4C2409226442ED00DFE5D2 /* libopencv_objdetect.4.1.0.dylib in Frameworks */ = {isa = PBXBuildFile; fileRef = 5B4C237C226442EB00DFE5D2 /* libopencv_objdetect.4.1.0.dylib */; };
		5B4C240A226442ED00DFE5D2 /* libopencv_stereo.4.1.0.dylib in Frameworks */ = {isa = PBXBuildFile; fileRef = 5B4C237D226442EB00DFE5D2 /* libopencv_stereo.4.1.0.dylib */; };
		5B4C240B226442ED00DFE5D2 /* libopencv_ml.dylib in Frameworks */ = {isa = PBXBuildFile; fileRef = 5B4C237E226442EB00DFE5D2 /* libopencv_ml.dylib */; };
		5B4C240C226442ED00DFE5D2 /* libopencv_bgsegm.dylib in Frameworks */ = {isa = PBXBuildFile; fileRef = 5B4C237F226442EB00DFE5D2 /* libopencv_bgsegm.dylib */; };
		5B4C240D226442ED00DFE5D2 /* libopencv_freetype.dylib in Frameworks */ = {isa = PBXBuildFile; fileRef = 5B4C2380226442EB00DFE5D2 /* libopencv_freetype.dylib */; };
		5B4C240E226442ED00DFE5D2 /* libopencv_freetype.4.1.dylib in Frameworks */ = {isa = PBXBuildFile; fileRef = 5B4C2381226442EB00DFE5D2 /* libopencv_freetype.4.1.dylib */; };
		5B4C240F226442ED00DFE5D2 /* libopencv_videostab.4.1.dylib in Frameworks */ = {isa = PBXBuildFile; fileRef = 5B4C2382226442EB00DFE5D2 /* libopencv_videostab.4.1.dylib */; };
		5B4C2410226442ED00DFE5D2 /* libopencv_bioinspired.4.1.0.dylib in Frameworks */ = {isa = PBXBuildFile; fileRef = 5B4C2383226442EB00DFE5D2 /* libopencv_bioinspired.4.1.0.dylib */; };
		5B4C2411226442ED00DFE5D2 /* libopencv_img_hash.dylib in Frameworks */ = {isa = PBXBuildFile; fileRef = 5B4C2384226442EB00DFE5D2 /* libopencv_img_hash.dylib */; };
		5B4C2412226442ED00DFE5D2 /* libopencv_img_hash.4.1.dylib in Frameworks */ = {isa = PBXBuildFile; fileRef = 5B4C2385226442EB00DFE5D2 /* libopencv_img_hash.4.1.dylib */; };
		5B4C2413226442ED00DFE5D2 /* libopencv_bgsegm.4.1.0.dylib in Frameworks */ = {isa = PBXBuildFile; fileRef = 5B4C2386226442EB00DFE5D2 /* libopencv_bgsegm.4.1.0.dylib */; };
		5B4C2414226442ED00DFE5D2 /* libopencv_shape.4.1.dylib in Frameworks */ = {isa = PBXBuildFile; fileRef = 5B4C2387226442EB00DFE5D2 /* libopencv_shape.4.1.dylib */; };
		5B4C2415226442ED00DFE5D2 /* libopencv_xobjdetect.4.1.0.dylib in Frameworks */ = {isa = PBXBuildFile; fileRef = 5B4C2388226442EB00DFE5D2 /* libopencv_xobjdetect.4.1.0.dylib */; };
		5B4C2416226442ED00DFE5D2 /* libopencv_videoio.dylib in Frameworks */ = {isa = PBXBuildFile; fileRef = 5B4C2389226442EB00DFE5D2 /* libopencv_videoio.dylib */; };
		5B4C2417226442ED00DFE5D2 /* libopencv_videostab.dylib in Frameworks */ = {isa = PBXBuildFile; fileRef = 5B4C238A226442EB00DFE5D2 /* libopencv_videostab.dylib */; };
		5B4C2418226442ED00DFE5D2 /* libopencv_photo.4.1.0.dylib in Frameworks */ = {isa = PBXBuildFile; fileRef = 5B4C238B226442EB00DFE5D2 /* libopencv_photo.4.1.0.dylib */; };
		5B4C2419226442ED00DFE5D2 /* libopencv_quality.4.1.dylib in Frameworks */ = {isa = PBXBuildFile; fileRef = 5B4C238C226442EB00DFE5D2 /* libopencv_quality.4.1.dylib */; };
		5B4C241A226442ED00DFE5D2 /* libopencv_xobjdetect.dylib in Frameworks */ = {isa = PBXBuildFile; fileRef = 5B4C238D226442EB00DFE5D2 /* libopencv_xobjdetect.dylib */; };
		5B4C241B226442ED00DFE5D2 /* libopencv_imgcodecs.4.1.0.dylib in Frameworks */ = {isa = PBXBuildFile; fileRef = 5B4C238E226442EB00DFE5D2 /* libopencv_imgcodecs.4.1.0.dylib */; };
		5B4C241C226442ED00DFE5D2 /* libopencv_objdetect.4.1.dylib in Frameworks */ = {isa = PBXBuildFile; fileRef = 5B4C238F226442EB00DFE5D2 /* libopencv_objdetect.4.1.dylib */; };
		5B4C241D226442ED00DFE5D2 /* libopencv_dnn.4.1.dylib in Frameworks */ = {isa = PBXBuildFile; fileRef = 5B4C2390226442EB00DFE5D2 /* libopencv_dnn.4.1.dylib */; };
		5B4C241E226442ED00DFE5D2 /* libopencv_imgcodecs.4.1.dylib in Frameworks */ = {isa = PBXBuildFile; fileRef = 5B4C2391226442EB00DFE5D2 /* libopencv_imgcodecs.4.1.dylib */; };
		5B4C241F226442ED00DFE5D2 /* libopencv_rgbd.4.1.0.dylib in Frameworks */ = {isa = PBXBuildFile; fileRef = 5B4C2392226442EB00DFE5D2 /* libopencv_rgbd.4.1.0.dylib */; };
		5B4C2420226442ED00DFE5D2 /* libopencv_surface_matching.dylib in Frameworks */ = {isa = PBXBuildFile; fileRef = 5B4C2393226442EB00DFE5D2 /* libopencv_surface_matching.dylib */; };
		5B4C2421226442ED00DFE5D2 /* libopencv_tracking.4.1.0.dylib in Frameworks */ = {isa = PBXBuildFile; fileRef = 5B4C2394226442EB00DFE5D2 /* libopencv_tracking.4.1.0.dylib */; };
		5B4C2422226442ED00DFE5D2 /* libopencv_photo.4.1.dylib in Frameworks */ = {isa = PBXBuildFile; fileRef = 5B4C2395226442EB00DFE5D2 /* libopencv_photo.4.1.dylib */; };
		5B4C2423226442ED00DFE5D2 /* libopencv_stereo.dylib in Frameworks */ = {isa = PBXBuildFile; fileRef = 5B4C2396226442EB00DFE5D2 /* libopencv_stereo.dylib */; };
		5B4C2424226442ED00DFE5D2 /* libopencv_datasets.4.1.0.dylib in Frameworks */ = {isa = PBXBuildFile; fileRef = 5B4C2397226442EB00DFE5D2 /* libopencv_datasets.4.1.0.dylib */; };
		5B4C2425226442ED00DFE5D2 /* libopencv_saliency.dylib in Frameworks */ = {isa = PBXBuildFile; fileRef = 5B4C2398226442EB00DFE5D2 /* libopencv_saliency.dylib */; };
		5B4C2426226442ED00DFE5D2 /* libopencv_fuzzy.4.1.dylib in Frameworks */ = {isa = PBXBuildFile; fileRef = 5B4C2399226442EB00DFE5D2 /* libopencv_fuzzy.4.1.dylib */; };
		5B4C2427226442ED00DFE5D2 /* libopencv_videoio.4.1.0.dylib in Frameworks */ = {isa = PBXBuildFile; fileRef = 5B4C239A226442EB00DFE5D2 /* libopencv_videoio.4.1.0.dylib */; };
		5B4C2428226442ED00DFE5D2 /* libopencv_ximgproc.4.1.0.dylib in Frameworks */ = {isa = PBXBuildFile; fileRef = 5B4C239B226442EB00DFE5D2 /* libopencv_ximgproc.4.1.0.dylib */; };
		5B4C2429226442ED00DFE5D2 /* libopencv_bioinspired.4.1.dylib in Frameworks */ = {isa = PBXBuildFile; fileRef = 5B4C239C226442EB00DFE5D2 /* libopencv_bioinspired.4.1.dylib */; };
		5B4C242A226442ED00DFE5D2 /* libopencv_ccalib.4.1.dylib in Frameworks */ = {isa = PBXBuildFile; fileRef = 5B4C239D226442EB00DFE5D2 /* libopencv_ccalib.4.1.dylib */; };
		5B4C242B226442ED00DFE5D2 /* libopencv_stereo.4.1.dylib in Frameworks */ = {isa = PBXBuildFile; fileRef = 5B4C239E226442EB00DFE5D2 /* libopencv_stereo.4.1.dylib */; };
		5B4C242C226442ED00DFE5D2 /* libopencv_xfeatures2d.4.1.0.dylib in Frameworks */ = {isa = PBXBuildFile; fileRef = 5B4C239F226442EB00DFE5D2 /* libopencv_xfeatures2d.4.1.0.dylib */; };
		5B4C242D226442ED00DFE5D2 /* libopencv_text.dylib in Frameworks */ = {isa = PBXBuildFile; fileRef = 5B4C23A0226442EB00DFE5D2 /* libopencv_text.dylib */; };
		5B4C242E226442ED00DFE5D2 /* libopencv_optflow.4.1.dylib in Frameworks */ = {isa = PBXBuildFile; fileRef = 5B4C23A1226442EB00DFE5D2 /* libopencv_optflow.4.1.dylib */; };
		5B4C242F226442ED00DFE5D2 /* libopencv_ccalib.dylib in Frameworks */ = {isa = PBXBuildFile; fileRef = 5B4C23A2226442EC00DFE5D2 /* libopencv_ccalib.dylib */; };
		5B4C2430226442ED00DFE5D2 /* libopencv_line_descriptor.4.1.dylib in Frameworks */ = {isa = PBXBuildFile; fileRef = 5B4C23A3226442EC00DFE5D2 /* libopencv_line_descriptor.4.1.dylib */; };
		5B4C2431226442ED00DFE5D2 /* libopencv_tracking.dylib in Frameworks */ = {isa = PBXBuildFile; fileRef = 5B4C23A4226442EC00DFE5D2 /* libopencv_tracking.dylib */; };
		5B4C2432226442ED00DFE5D2 /* libopencv_optflow.4.1.0.dylib in Frameworks */ = {isa = PBXBuildFile; fileRef = 5B4C23A5226442EC00DFE5D2 /* libopencv_optflow.4.1.0.dylib */; };
		5B4C2433226442ED00DFE5D2 /* libopencv_xphoto.4.1.0.dylib in Frameworks */ = {isa = PBXBuildFile; fileRef = 5B4C23A6226442EC00DFE5D2 /* libopencv_xphoto.4.1.0.dylib */; };
		5B4C2434226442ED00DFE5D2 /* libopencv_structured_light.4.1.dylib in Frameworks */ = {isa = PBXBuildFile; fileRef = 5B4C23A7226442EC00DFE5D2 /* libopencv_structured_light.4.1.dylib */; };
		5B4C2435226442ED00DFE5D2 /* libopencv_xphoto.4.1.dylib in Frameworks */ = {isa = PBXBuildFile; fileRef = 5B4C23A8226442EC00DFE5D2 /* libopencv_xphoto.4.1.dylib */; };
		5B4C2436226442ED00DFE5D2 /* libopencv_line_descriptor.4.1.0.dylib in Frameworks */ = {isa = PBXBuildFile; fileRef = 5B4C23A9226442EC00DFE5D2 /* libopencv_line_descriptor.4.1.0.dylib */; };
		5B4C2437226442ED00DFE5D2 /* libopencv_bgsegm.4.1.dylib in Frameworks */ = {isa = PBXBuildFile; fileRef = 5B4C23AA226442EC00DFE5D2 /* libopencv_bgsegm.4.1.dylib */; };
		5B4C2438226442ED00DFE5D2 /* libopencv_structured_light.dylib in Frameworks */ = {isa = PBXBuildFile; fileRef = 5B4C23AB226442EC00DFE5D2 /* libopencv_structured_light.dylib */; };
		5B4C2439226442ED00DFE5D2 /* libopencv_hfs.dylib in Frameworks */ = {isa = PBXBuildFile; fileRef = 5B4C23AC226442EC00DFE5D2 /* libopencv_hfs.dylib */; };
		5B4C243A226442ED00DFE5D2 /* libopencv_video.4.1.0.dylib in Frameworks */ = {isa = PBXBuildFile; fileRef = 5B4C23AD226442EC00DFE5D2 /* libopencv_video.4.1.0.dylib */; };
		5B4C243B226442ED00DFE5D2 /* libopencv_xfeatures2d.4.1.dylib in Frameworks */ = {isa = PBXBuildFile; fileRef = 5B4C23AE226442EC00DFE5D2 /* libopencv_xfeatures2d.4.1.dylib */; };
		5B4C243C226442ED00DFE5D2 /* libopencv_face.4.1.0.dylib in Frameworks */ = {isa = PBXBuildFile; fileRef = 5B4C23AF226442EC00DFE5D2 /* libopencv_face.4.1.0.dylib */; };
		5B4C243D226442ED00DFE5D2 /* libopencv_shape.dylib in Frameworks */ = {isa = PBXBuildFile; fileRef = 5B4C23B0226442EC00DFE5D2 /* libopencv_shape.dylib */; };
		5B4C243E226442ED00DFE5D2 /* libopencv_video.dylib in Frameworks */ = {isa = PBXBuildFile; fileRef = 5B4C23B1226442EC00DFE5D2 /* libopencv_video.dylib */; };
		5B4C243F226442ED00DFE5D2 /* libopencv_highgui.4.1.0.dylib in Frameworks */ = {isa = PBXBuildFile; fileRef = 5B4C23B2226442EC00DFE5D2 /* libopencv_highgui.4.1.0.dylib */; };
		5B4C2440226442ED00DFE5D2 /* libopencv_stitching.4.1.dylib in Frameworks */ = {isa = PBXBuildFile; fileRef = 5B4C23B3226442EC00DFE5D2 /* libopencv_stitching.4.1.dylib */; };
		5B4C2441226442ED00DFE5D2 /* libopencv_shape.4.1.0.dylib in Frameworks */ = {isa = PBXBuildFile; fileRef = 5B4C23B4226442EC00DFE5D2 /* libopencv_shape.4.1.0.dylib */; };
		5B4C2442226442ED00DFE5D2 /* libopencv_flann.4.1.dylib in Frameworks */ = {isa = PBXBuildFile; fileRef = 5B4C23B5226442EC00DFE5D2 /* libopencv_flann.4.1.dylib */; };
		5B4C2443226442ED00DFE5D2 /* libopencv_superres.dylib in Frameworks */ = {isa = PBXBuildFile; fileRef = 5B4C23B6226442EC00DFE5D2 /* libopencv_superres.dylib */; };
		5B4C2444226442ED00DFE5D2 /* libopencv_fuzzy.dylib in Frameworks */ = {isa = PBXBuildFile; fileRef = 5B4C23B7226442EC00DFE5D2 /* libopencv_fuzzy.dylib */; };
		5B4C2445226442ED00DFE5D2 /* libopencv_gapi.dylib in Frameworks */ = {isa = PBXBuildFile; fileRef = 5B4C23B8226442EC00DFE5D2 /* libopencv_gapi.dylib */; };
		5B4C2446226442ED00DFE5D2 /* libopencv_gapi.4.1.dylib in Frameworks */ = {isa = PBXBuildFile; fileRef = 5B4C23B9226442EC00DFE5D2 /* libopencv_gapi.4.1.dylib */; };
		5B4C2447226442ED00DFE5D2 /* libopencv_flann.4.1.0.dylib in Frameworks */ = {isa = PBXBuildFile; fileRef = 5B4C23BA226442EC00DFE5D2 /* libopencv_flann.4.1.0.dylib */; };
		5B4C2448226442ED00DFE5D2 /* libopencv_saliency.4.1.dylib in Frameworks */ = {isa = PBXBuildFile; fileRef = 5B4C23BB226442EC00DFE5D2 /* libopencv_saliency.4.1.dylib */; };
		5B4C2449226442ED00DFE5D2 /* libopencv_imgcodecs.dylib in Frameworks */ = {isa = PBXBuildFile; fileRef = 5B4C23BC226442EC00DFE5D2 /* libopencv_imgcodecs.dylib */; };
		5B4C244A226442ED00DFE5D2 /* libopencv_plot.4.1.dylib in Frameworks */ = {isa = PBXBuildFile; fileRef = 5B4C23BD226442EC00DFE5D2 /* libopencv_plot.4.1.dylib */; };
		5B4C244B226442ED00DFE5D2 /* libopencv_objdetect.dylib in Frameworks */ = {isa = PBXBuildFile; fileRef = 5B4C23BE226442EC00DFE5D2 /* libopencv_objdetect.dylib */; };
		5B4C244C226442ED00DFE5D2 /* libopencv_dpm.dylib in Frameworks */ = {isa = PBXBuildFile; fileRef = 5B4C23BF226442EC00DFE5D2 /* libopencv_dpm.dylib */; };
		5B4C244D226442ED00DFE5D2 /* libopencv_imgproc.dylib in Frameworks */ = {isa = PBXBuildFile; fileRef = 5B4C23C0226442EC00DFE5D2 /* libopencv_imgproc.dylib */; };
		5B4C244E226442ED00DFE5D2 /* libopencv_plot.4.1.0.dylib in Frameworks */ = {isa = PBXBuildFile; fileRef = 5B4C23C1226442EC00DFE5D2 /* libopencv_plot.4.1.0.dylib */; };
		5B4C244F226442ED00DFE5D2 /* libopencv_dnn.dylib in Frameworks */ = {isa = PBXBuildFile; fileRef = 5B4C23C2226442EC00DFE5D2 /* libopencv_dnn.dylib */; };
		5B4C2450226442ED00DFE5D2 /* libopencv_rgbd.4.1.dylib in Frameworks */ = {isa = PBXBuildFile; fileRef = 5B4C23C3226442EC00DFE5D2 /* libopencv_rgbd.4.1.dylib */; };
		5B4C2451226442ED00DFE5D2 /* libopencv_features2d.4.1.dylib in Frameworks */ = {isa = PBXBuildFile; fileRef = 5B4C23C4226442EC00DFE5D2 /* libopencv_features2d.4.1.dylib */; };
		5B4C2452226442ED00DFE5D2 /* libopencv_reg.4.1.dylib in Frameworks */ = {isa = PBXBuildFile; fileRef = 5B4C23C5226442EC00DFE5D2 /* libopencv_reg.4.1.dylib */; };
		5B4C2453226442ED00DFE5D2 /* libopencv_datasets.dylib in Frameworks */ = {isa = PBXBuildFile; fileRef = 5B4C23C6226442EC00DFE5D2 /* libopencv_datasets.dylib */; };
		5B4C2454226442ED00DFE5D2 /* libopencv_superres.4.1.0.dylib in Frameworks */ = {isa = PBXBuildFile; fileRef = 5B4C23C7226442EC00DFE5D2 /* libopencv_superres.4.1.0.dylib */; };
		5B4C2455226442ED00DFE5D2 /* libopencv_dnn_objdetect.dylib in Frameworks */ = {isa = PBXBuildFile; fileRef = 5B4C23C8226442EC00DFE5D2 /* libopencv_dnn_objdetect.dylib */; };
		5B4C2456226442ED00DFE5D2 /* libopencv_xobjdetect.4.1.dylib in Frameworks */ = {isa = PBXBuildFile; fileRef = 5B4C23C9226442EC00DFE5D2 /* libopencv_xobjdetect.4.1.dylib */; };
		5B4C2457226442ED00DFE5D2 /* libopencv_xphoto.dylib in Frameworks */ = {isa = PBXBuildFile; fileRef = 5B4C23CA226442EC00DFE5D2 /* libopencv_xphoto.dylib */; };
		5B4C2458226442ED00DFE5D2 /* libopencv_core.dylib in Frameworks */ = {isa = PBXBuildFile; fileRef = 5B4C23CB226442EC00DFE5D2 /* libopencv_core.dylib */; };
		5B4C2459226442ED00DFE5D2 /* libopencv_fuzzy.4.1.0.dylib in Frameworks */ = {isa = PBXBuildFile; fileRef = 5B4C23CC226442EC00DFE5D2 /* libopencv_fuzzy.4.1.0.dylib */; };
		5B4C245A226442ED00DFE5D2 /* libopencv_reg.dylib in Frameworks */ = {isa = PBXBuildFile; fileRef = 5B4C23CD226442EC00DFE5D2 /* libopencv_reg.dylib */; };
		5B4C245B226442ED00DFE5D2 /* libopencv_reg.4.1.0.dylib in Frameworks */ = {isa = PBXBuildFile; fileRef = 5B4C23CE226442EC00DFE5D2 /* libopencv_reg.4.1.0.dylib */; };
		5B4C245C226442ED00DFE5D2 /* libopencv_dnn_objdetect.4.1.0.dylib in Frameworks */ = {isa = PBXBuildFile; fileRef = 5B4C23CF226442EC00DFE5D2 /* libopencv_dnn_objdetect.4.1.0.dylib */; };
		5B4C245D226442ED00DFE5D2 /* libopencv_aruco.4.1.0.dylib in Frameworks */ = {isa = PBXBuildFile; fileRef = 5B4C23D0226442EC00DFE5D2 /* libopencv_aruco.4.1.0.dylib */; };
		5B4C245E226442ED00DFE5D2 /* libopencv_aruco.4.1.dylib in Frameworks */ = {isa = PBXBuildFile; fileRef = 5B4C23D1226442EC00DFE5D2 /* libopencv_aruco.4.1.dylib */; };
		5B4C245F226442ED00DFE5D2 /* libopencv_face.4.1.dylib in Frameworks */ = {isa = PBXBuildFile; fileRef = 5B4C23D2226442EC00DFE5D2 /* libopencv_face.4.1.dylib */; };
		5B4C2460226442ED00DFE5D2 /* libopencv_xfeatures2d.dylib in Frameworks */ = {isa = PBXBuildFile; fileRef = 5B4C23D3226442EC00DFE5D2 /* libopencv_xfeatures2d.dylib */; };
		5B4C2461226442ED00DFE5D2 /* libopencv_saliency.4.1.0.dylib in Frameworks */ = {isa = PBXBuildFile; fileRef = 5B4C23D4226442EC00DFE5D2 /* libopencv_saliency.4.1.0.dylib */; };
		5B4C2462226442ED00DFE5D2 /* libopencv_surface_matching.4.1.dylib in Frameworks */ = {isa = PBXBuildFile; fileRef = 5B4C23D5226442EC00DFE5D2 /* libopencv_surface_matching.4.1.dylib */; };
		5B4C2463226442ED00DFE5D2 /* libopencv_stitching.4.1.0.dylib in Frameworks */ = {isa = PBXBuildFile; fileRef = 5B4C23D6226442ED00DFE5D2 /* libopencv_stitching.4.1.0.dylib */; };
		5B4C2464226442ED00DFE5D2 /* libopencv_phase_unwrapping.4.1.0.dylib in Frameworks */ = {isa = PBXBuildFile; fileRef = 5B4C23D7226442ED00DFE5D2 /* libopencv_phase_unwrapping.4.1.0.dylib */; };
		5B4C246622644F6F00DFE5D2 /* Info.plist in CopyFiles */ = {isa = PBXBuildFile; fileRef = 5B4C2465226444A800DFE5D2 /* Info.plist */; };
		5BC133F4229F56240080F305 /* OpenGL.framework in Frameworks */ = {isa = PBXBuildFile; fileRef = 5BC133F3229F56240080F305 /* OpenGL.framework */; };
		5BC133F6229F568A0080F305 /* libglfw.3.3.dylib in Frameworks */ = {isa = PBXBuildFile; fileRef = 5BC133F5229F568A0080F305 /* libglfw.3.3.dylib */; };
		5BC13404229F5AD40080F305 /* MarkerTracker.cpp in Sources */ = {isa = PBXBuildFile; fileRef = 5BC13403229F5AD40080F305 /* MarkerTracker.cpp */; };
		5BC13407229F5AE50080F305 /* PoseEstimation.cpp in Sources */ = {isa = PBXBuildFile; fileRef = 5BC13406229F5AE50080F305 /* PoseEstimation.cpp */; };
/* End PBXBuildFile section */

/* Begin PBXCopyFilesBuildPhase section */
		5B56FDDB2264098F00C3D187 /* CopyFiles */ = {
			isa = PBXCopyFilesBuildPhase;
			buildActionMask = 12;
			dstPath = "";
			dstSubfolderSpec = 16;
			files = (
				5B4C246622644F6F00DFE5D2 /* Info.plist in CopyFiles */,
			);
			runOnlyForDeploymentPostprocessing = 0;
		};
/* End PBXCopyFilesBuildPhase section */

/* Begin PBXFileReference section */
		5B4BBB39229F6B860088F97E /* main.cpp */ = {isa = PBXFileReference; fileEncoding = 4; lastKnownFileType = sourcecode.cpp.cpp; path = main.cpp; sourceTree = "<group>"; };
		5B4BBB3C229F6BBB0088F97E /* DrawPrimitives.h */ = {isa = PBXFileReference; fileEncoding = 4; lastKnownFileType = sourcecode.c.h; path = DrawPrimitives.h; sourceTree = "<group>"; };
		5B4C234B226442EA00DFE5D2 /* libopencv_photo.dylib */ = {isa = PBXFileReference; lastKnownFileType = "compiled.mach-o.dylib"; name = libopencv_photo.dylib; path = ../../../../usr/local/Cellar/opencv/4.1.0/lib/libopencv_photo.dylib; sourceTree = "<group>"; };
		5B4C234C226442EA00DFE5D2 /* libopencv_optflow.dylib */ = {isa = PBXFileReference; lastKnownFileType = "compiled.mach-o.dylib"; name = libopencv_optflow.dylib; path = ../../../../usr/local/Cellar/opencv/4.1.0/lib/libopencv_optflow.dylib; sourceTree = "<group>"; };
		5B4C234D226442EA00DFE5D2 /* libopencv_dpm.4.1.0.dylib */ = {isa = PBXFileReference; lastKnownFileType = "compiled.mach-o.dylib"; name = libopencv_dpm.4.1.0.dylib; path = ../../../../usr/local/Cellar/opencv/4.1.0/lib/libopencv_dpm.4.1.0.dylib; sourceTree = "<group>"; };
		5B4C234E226442EA00DFE5D2 /* libopencv_calib3d.4.1.0.dylib */ = {isa = PBXFileReference; lastKnownFileType = "compiled.mach-o.dylib"; name = libopencv_calib3d.4.1.0.dylib; path = ../../../../usr/local/Cellar/opencv/4.1.0/lib/libopencv_calib3d.4.1.0.dylib; sourceTree = "<group>"; };
		5B4C234F226442EA00DFE5D2 /* libopencv_highgui.dylib */ = {isa = PBXFileReference; lastKnownFileType = "compiled.mach-o.dylib"; name = libopencv_highgui.dylib; path = ../../../../usr/local/Cellar/opencv/4.1.0/lib/libopencv_highgui.dylib; sourceTree = "<group>"; };
		5B4C2350226442EA00DFE5D2 /* libopencv_hfs.4.1.0.dylib */ = {isa = PBXFileReference; lastKnownFileType = "compiled.mach-o.dylib"; name = libopencv_hfs.4.1.0.dylib; path = ../../../../usr/local/Cellar/opencv/4.1.0/lib/libopencv_hfs.4.1.0.dylib; sourceTree = "<group>"; };
		5B4C2351226442EA00DFE5D2 /* libopencv_freetype.4.1.0.dylib */ = {isa = PBXFileReference; lastKnownFileType = "compiled.mach-o.dylib"; name = libopencv_freetype.4.1.0.dylib; path = ../../../../usr/local/Cellar/opencv/4.1.0/lib/libopencv_freetype.4.1.0.dylib; sourceTree = "<group>"; };
		5B4C2352226442EA00DFE5D2 /* libopencv_datasets.4.1.dylib */ = {isa = PBXFileReference; lastKnownFileType = "compiled.mach-o.dylib"; name = libopencv_datasets.4.1.dylib; path = ../../../../usr/local/Cellar/opencv/4.1.0/lib/libopencv_datasets.4.1.dylib; sourceTree = "<group>"; };
		5B4C2353226442EA00DFE5D2 /* libopencv_videostab.4.1.0.dylib */ = {isa = PBXFileReference; lastKnownFileType = "compiled.mach-o.dylib"; name = libopencv_videostab.4.1.0.dylib; path = ../../../../usr/local/Cellar/opencv/4.1.0/lib/libopencv_videostab.4.1.0.dylib; sourceTree = "<group>"; };
		5B4C2354226442EA00DFE5D2 /* libopencv_ximgproc.4.1.dylib */ = {isa = PBXFileReference; lastKnownFileType = "compiled.mach-o.dylib"; name = libopencv_ximgproc.4.1.dylib; path = ../../../../usr/local/Cellar/opencv/4.1.0/lib/libopencv_ximgproc.4.1.dylib; sourceTree = "<group>"; };
		5B4C2355226442EA00DFE5D2 /* libopencv_phase_unwrapping.dylib */ = {isa = PBXFileReference; lastKnownFileType = "compiled.mach-o.dylib"; name = libopencv_phase_unwrapping.dylib; path = ../../../../usr/local/Cellar/opencv/4.1.0/lib/libopencv_phase_unwrapping.dylib; sourceTree = "<group>"; };
		5B4C2356226442EA00DFE5D2 /* libopencv_quality.dylib */ = {isa = PBXFileReference; lastKnownFileType = "compiled.mach-o.dylib"; name = libopencv_quality.dylib; path = ../../../../usr/local/Cellar/opencv/4.1.0/lib/libopencv_quality.dylib; sourceTree = "<group>"; };
		5B4C2357226442EA00DFE5D2 /* libopencv_features2d.4.1.0.dylib */ = {isa = PBXFileReference; lastKnownFileType = "compiled.mach-o.dylib"; name = libopencv_features2d.4.1.0.dylib; path = ../../../../usr/local/Cellar/opencv/4.1.0/lib/libopencv_features2d.4.1.0.dylib; sourceTree = "<group>"; };
		5B4C2358226442EA00DFE5D2 /* libopencv_superres.4.1.dylib */ = {isa = PBXFileReference; lastKnownFileType = "compiled.mach-o.dylib"; name = libopencv_superres.4.1.dylib; path = ../../../../usr/local/Cellar/opencv/4.1.0/lib/libopencv_superres.4.1.dylib; sourceTree = "<group>"; };
		5B4C2359226442EA00DFE5D2 /* libopencv_face.dylib */ = {isa = PBXFileReference; lastKnownFileType = "compiled.mach-o.dylib"; name = libopencv_face.dylib; path = ../../../../usr/local/Cellar/opencv/4.1.0/lib/libopencv_face.dylib; sourceTree = "<group>"; };
		5B4C235A226442EA00DFE5D2 /* libopencv_ml.4.1.0.dylib */ = {isa = PBXFileReference; lastKnownFileType = "compiled.mach-o.dylib"; name = libopencv_ml.4.1.0.dylib; path = ../../../../usr/local/Cellar/opencv/4.1.0/lib/libopencv_ml.4.1.0.dylib; sourceTree = "<group>"; };
		5B4C235B226442EA00DFE5D2 /* libopencv_videoio.4.1.dylib */ = {isa = PBXFileReference; lastKnownFileType = "compiled.mach-o.dylib"; name = libopencv_videoio.4.1.dylib; path = ../../../../usr/local/Cellar/opencv/4.1.0/lib/libopencv_videoio.4.1.dylib; sourceTree = "<group>"; };
		5B4C235C226442EA00DFE5D2 /* libopencv_gapi.4.1.0.dylib */ = {isa = PBXFileReference; lastKnownFileType = "compiled.mach-o.dylib"; name = libopencv_gapi.4.1.0.dylib; path = ../../../../usr/local/Cellar/opencv/4.1.0/lib/libopencv_gapi.4.1.0.dylib; sourceTree = "<group>"; };
		5B4C235D226442EA00DFE5D2 /* libopencv_dnn.4.1.0.dylib */ = {isa = PBXFileReference; lastKnownFileType = "compiled.mach-o.dylib"; name = libopencv_dnn.4.1.0.dylib; path = ../../../../usr/local/Cellar/opencv/4.1.0/lib/libopencv_dnn.4.1.0.dylib; sourceTree = "<group>"; };
		5B4C235E226442EA00DFE5D2 /* libopencv_dnn_objdetect.4.1.dylib */ = {isa = PBXFileReference; lastKnownFileType = "compiled.mach-o.dylib"; name = libopencv_dnn_objdetect.4.1.dylib; path = ../../../../usr/local/Cellar/opencv/4.1.0/lib/libopencv_dnn_objdetect.4.1.dylib; sourceTree = "<group>"; };
		5B4C235F226442EA00DFE5D2 /* libopencv_highgui.4.1.dylib */ = {isa = PBXFileReference; lastKnownFileType = "compiled.mach-o.dylib"; name = libopencv_highgui.4.1.dylib; path = ../../../../usr/local/Cellar/opencv/4.1.0/lib/libopencv_highgui.4.1.dylib; sourceTree = "<group>"; };
		5B4C2360226442EA00DFE5D2 /* libopencv_stitching.dylib */ = {isa = PBXFileReference; lastKnownFileType = "compiled.mach-o.dylib"; name = libopencv_stitching.dylib; path = ../../../../usr/local/Cellar/opencv/4.1.0/lib/libopencv_stitching.dylib; sourceTree = "<group>"; };
		5B4C2361226442EA00DFE5D2 /* libopencv_img_hash.4.1.0.dylib */ = {isa = PBXFileReference; lastKnownFileType = "compiled.mach-o.dylib"; name = libopencv_img_hash.4.1.0.dylib; path = ../../../../usr/local/Cellar/opencv/4.1.0/lib/libopencv_img_hash.4.1.0.dylib; sourceTree = "<group>"; };
		5B4C2362226442EA00DFE5D2 /* libopencv_dpm.4.1.dylib */ = {isa = PBXFileReference; lastKnownFileType = "compiled.mach-o.dylib"; name = libopencv_dpm.4.1.dylib; path = ../../../../usr/local/Cellar/opencv/4.1.0/lib/libopencv_dpm.4.1.dylib; sourceTree = "<group>"; };
		5B4C2363226442EA00DFE5D2 /* libopencv_calib3d.4.1.dylib */ = {isa = PBXFileReference; lastKnownFileType = "compiled.mach-o.dylib"; name = libopencv_calib3d.4.1.dylib; path = ../../../../usr/local/Cellar/opencv/4.1.0/lib/libopencv_calib3d.4.1.dylib; sourceTree = "<group>"; };
		5B4C2364226442EA00DFE5D2 /* libopencv_rgbd.dylib */ = {isa = PBXFileReference; lastKnownFileType = "compiled.mach-o.dylib"; name = libopencv_rgbd.dylib; path = ../../../../usr/local/Cellar/opencv/4.1.0/lib/libopencv_rgbd.dylib; sourceTree = "<group>"; };
		5B4C2365226442EA00DFE5D2 /* libopencv_bioinspired.dylib */ = {isa = PBXFileReference; lastKnownFileType = "compiled.mach-o.dylib"; name = libopencv_bioinspired.dylib; path = ../../../../usr/local/Cellar/opencv/4.1.0/lib/libopencv_bioinspired.dylib; sourceTree = "<group>"; };
		5B4C2366226442EA00DFE5D2 /* libopencv_structured_light.4.1.0.dylib */ = {isa = PBXFileReference; lastKnownFileType = "compiled.mach-o.dylib"; name = libopencv_structured_light.4.1.0.dylib; path = ../../../../usr/local/Cellar/opencv/4.1.0/lib/libopencv_structured_light.4.1.0.dylib; sourceTree = "<group>"; };
		5B4C2367226442EA00DFE5D2 /* libopencv_phase_unwrapping.4.1.dylib */ = {isa = PBXFileReference; lastKnownFileType = "compiled.mach-o.dylib"; name = libopencv_phase_unwrapping.4.1.dylib; path = ../../../../usr/local/Cellar/opencv/4.1.0/lib/libopencv_phase_unwrapping.4.1.dylib; sourceTree = "<group>"; };
		5B4C2368226442EA00DFE5D2 /* libopencv_tracking.4.1.dylib */ = {isa = PBXFileReference; lastKnownFileType = "compiled.mach-o.dylib"; name = libopencv_tracking.4.1.dylib; path = ../../../../usr/local/Cellar/opencv/4.1.0/lib/libopencv_tracking.4.1.dylib; sourceTree = "<group>"; };
		5B4C2369226442EB00DFE5D2 /* libopencv_imgproc.4.1.dylib */ = {isa = PBXFileReference; lastKnownFileType = "compiled.mach-o.dylib"; name = libopencv_imgproc.4.1.dylib; path = ../../../../usr/local/Cellar/opencv/4.1.0/lib/libopencv_imgproc.4.1.dylib; sourceTree = "<group>"; };
		5B4C236A226442EB00DFE5D2 /* libopencv_plot.dylib */ = {isa = PBXFileReference; lastKnownFileType = "compiled.mach-o.dylib"; name = libopencv_plot.dylib; path = ../../../../usr/local/Cellar/opencv/4.1.0/lib/libopencv_plot.dylib; sourceTree = "<group>"; };
		5B4C236B226442EB00DFE5D2 /* libopencv_ml.4.1.dylib */ = {isa = PBXFileReference; lastKnownFileType = "compiled.mach-o.dylib"; name = libopencv_ml.4.1.dylib; path = ../../../../usr/local/Cellar/opencv/4.1.0/lib/libopencv_ml.4.1.dylib; sourceTree = "<group>"; };
		5B4C236C226442EB00DFE5D2 /* libopencv_quality.4.1.0.dylib */ = {isa = PBXFileReference; lastKnownFileType = "compiled.mach-o.dylib"; name = libopencv_quality.4.1.0.dylib; path = ../../../../usr/local/Cellar/opencv/4.1.0/lib/libopencv_quality.4.1.0.dylib; sourceTree = "<group>"; };
		5B4C236D226442EB00DFE5D2 /* libopencv_text.4.1.0.dylib */ = {isa = PBXFileReference; lastKnownFileType = "compiled.mach-o.dylib"; name = libopencv_text.4.1.0.dylib; path = ../../../../usr/local/Cellar/opencv/4.1.0/lib/libopencv_text.4.1.0.dylib; sourceTree = "<group>"; };
		5B4C236E226442EB00DFE5D2 /* libopencv_surface_matching.4.1.0.dylib */ = {isa = PBXFileReference; lastKnownFileType = "compiled.mach-o.dylib"; name = libopencv_surface_matching.4.1.0.dylib; path = ../../../../usr/local/Cellar/opencv/4.1.0/lib/libopencv_surface_matching.4.1.0.dylib; sourceTree = "<group>"; };
		5B4C236F226442EB00DFE5D2 /* libopencv_imgproc.4.1.0.dylib */ = {isa = PBXFileReference; lastKnownFileType = "compiled.mach-o.dylib"; name = libopencv_imgproc.4.1.0.dylib; path = ../../../../usr/local/Cellar/opencv/4.1.0/lib/libopencv_imgproc.4.1.0.dylib; sourceTree = "<group>"; };
		5B4C2370226442EB00DFE5D2 /* libopencv_aruco.dylib */ = {isa = PBXFileReference; lastKnownFileType = "compiled.mach-o.dylib"; name = libopencv_aruco.dylib; path = ../../../../usr/local/Cellar/opencv/4.1.0/lib/libopencv_aruco.dylib; sourceTree = "<group>"; };
		5B4C2371226442EB00DFE5D2 /* libopencv_ximgproc.dylib */ = {isa = PBXFileReference; lastKnownFileType = "compiled.mach-o.dylib"; name = libopencv_ximgproc.dylib; path = ../../../../usr/local/Cellar/opencv/4.1.0/lib/libopencv_ximgproc.dylib; sourceTree = "<group>"; };
		5B4C2372226442EB00DFE5D2 /* libopencv_calib3d.dylib */ = {isa = PBXFileReference; lastKnownFileType = "compiled.mach-o.dylib"; name = libopencv_calib3d.dylib; path = ../../../../usr/local/Cellar/opencv/4.1.0/lib/libopencv_calib3d.dylib; sourceTree = "<group>"; };
		5B4C2373226442EB00DFE5D2 /* libopencv_core.4.1.dylib */ = {isa = PBXFileReference; lastKnownFileType = "compiled.mach-o.dylib"; name = libopencv_core.4.1.dylib; path = ../../../../usr/local/Cellar/opencv/4.1.0/lib/libopencv_core.4.1.dylib; sourceTree = "<group>"; };
		5B4C2374226442EB00DFE5D2 /* libopencv_core.4.1.0.dylib */ = {isa = PBXFileReference; lastKnownFileType = "compiled.mach-o.dylib"; name = libopencv_core.4.1.0.dylib; path = ../../../../usr/local/Cellar/opencv/4.1.0/lib/libopencv_core.4.1.0.dylib; sourceTree = "<group>"; };
		5B4C2375226442EB00DFE5D2 /* libopencv_flann.dylib */ = {isa = PBXFileReference; lastKnownFileType = "compiled.mach-o.dylib"; name = libopencv_flann.dylib; path = ../../../../usr/local/Cellar/opencv/4.1.0/lib/libopencv_flann.dylib; sourceTree = "<group>"; };
		5B4C2376226442EB00DFE5D2 /* libopencv_features2d.dylib */ = {isa = PBXFileReference; lastKnownFileType = "compiled.mach-o.dylib"; name = libopencv_features2d.dylib; path = ../../../../usr/local/Cellar/opencv/4.1.0/lib/libopencv_features2d.dylib; sourceTree = "<group>"; };
		5B4C2377226442EB00DFE5D2 /* libopencv_line_descriptor.dylib */ = {isa = PBXFileReference; lastKnownFileType = "compiled.mach-o.dylib"; name = libopencv_line_descriptor.dylib; path = ../../../../usr/local/Cellar/opencv/4.1.0/lib/libopencv_line_descriptor.dylib; sourceTree = "<group>"; };
		5B4C2378226442EB00DFE5D2 /* libopencv_video.4.1.dylib */ = {isa = PBXFileReference; lastKnownFileType = "compiled.mach-o.dylib"; name = libopencv_video.4.1.dylib; path = ../../../../usr/local/Cellar/opencv/4.1.0/lib/libopencv_video.4.1.dylib; sourceTree = "<group>"; };
		5B4C2379226442EB00DFE5D2 /* libopencv_ccalib.4.1.0.dylib */ = {isa = PBXFileReference; lastKnownFileType = "compiled.mach-o.dylib"; name = libopencv_ccalib.4.1.0.dylib; path = ../../../../usr/local/Cellar/opencv/4.1.0/lib/libopencv_ccalib.4.1.0.dylib; sourceTree = "<group>"; };
		5B4C237A226442EB00DFE5D2 /* libopencv_text.4.1.dylib */ = {isa = PBXFileReference; lastKnownFileType = "compiled.mach-o.dylib"; name = libopencv_text.4.1.dylib; path = ../../../../usr/local/Cellar/opencv/4.1.0/lib/libopencv_text.4.1.dylib; sourceTree = "<group>"; };
		5B4C237B226442EB00DFE5D2 /* libopencv_hfs.4.1.dylib */ = {isa = PBXFileReference; lastKnownFileType = "compiled.mach-o.dylib"; name = libopencv_hfs.4.1.dylib; path = ../../../../usr/local/Cellar/opencv/4.1.0/lib/libopencv_hfs.4.1.dylib; sourceTree = "<group>"; };
		5B4C237C226442EB00DFE5D2 /* libopencv_objdetect.4.1.0.dylib */ = {isa = PBXFileReference; lastKnownFileType = "compiled.mach-o.dylib"; name = libopencv_objdetect.4.1.0.dylib; path = ../../../../usr/local/Cellar/opencv/4.1.0/lib/libopencv_objdetect.4.1.0.dylib; sourceTree = "<group>"; };
		5B4C237D226442EB00DFE5D2 /* libopencv_stereo.4.1.0.dylib */ = {isa = PBXFileReference; lastKnownFileType = "compiled.mach-o.dylib"; name = libopencv_stereo.4.1.0.dylib; path = ../../../../usr/local/Cellar/opencv/4.1.0/lib/libopencv_stereo.4.1.0.dylib; sourceTree = "<group>"; };
		5B4C237E226442EB00DFE5D2 /* libopencv_ml.dylib */ = {isa = PBXFileReference; lastKnownFileType = "compiled.mach-o.dylib"; name = libopencv_ml.dylib; path = ../../../../usr/local/Cellar/opencv/4.1.0/lib/libopencv_ml.dylib; sourceTree = "<group>"; };
		5B4C237F226442EB00DFE5D2 /* libopencv_bgsegm.dylib */ = {isa = PBXFileReference; lastKnownFileType = "compiled.mach-o.dylib"; name = libopencv_bgsegm.dylib; path = ../../../../usr/local/Cellar/opencv/4.1.0/lib/libopencv_bgsegm.dylib; sourceTree = "<group>"; };
		5B4C2380226442EB00DFE5D2 /* libopencv_freetype.dylib */ = {isa = PBXFileReference; lastKnownFileType = "compiled.mach-o.dylib"; name = libopencv_freetype.dylib; path = ../../../../usr/local/Cellar/opencv/4.1.0/lib/libopencv_freetype.dylib; sourceTree = "<group>"; };
		5B4C2381226442EB00DFE5D2 /* libopencv_freetype.4.1.dylib */ = {isa = PBXFileReference; lastKnownFileType = "compiled.mach-o.dylib"; name = libopencv_freetype.4.1.dylib; path = ../../../../usr/local/Cellar/opencv/4.1.0/lib/libopencv_freetype.4.1.dylib; sourceTree = "<group>"; };
		5B4C2382226442EB00DFE5D2 /* libopencv_videostab.4.1.dylib */ = {isa = PBXFileReference; lastKnownFileType = "compiled.mach-o.dylib"; name = libopencv_videostab.4.1.dylib; path = ../../../../usr/local/Cellar/opencv/4.1.0/lib/libopencv_videostab.4.1.dylib; sourceTree = "<group>"; };
		5B4C2383226442EB00DFE5D2 /* libopencv_bioinspired.4.1.0.dylib */ = {isa = PBXFileReference; lastKnownFileType = "compiled.mach-o.dylib"; name = libopencv_bioinspired.4.1.0.dylib; path = ../../../../usr/local/Cellar/opencv/4.1.0/lib/libopencv_bioinspired.4.1.0.dylib; sourceTree = "<group>"; };
		5B4C2384226442EB00DFE5D2 /* libopencv_img_hash.dylib */ = {isa = PBXFileReference; lastKnownFileType = "compiled.mach-o.dylib"; name = libopencv_img_hash.dylib; path = ../../../../usr/local/Cellar/opencv/4.1.0/lib/libopencv_img_hash.dylib; sourceTree = "<group>"; };
		5B4C2385226442EB00DFE5D2 /* libopencv_img_hash.4.1.dylib */ = {isa = PBXFileReference; lastKnownFileType = "compiled.mach-o.dylib"; name = libopencv_img_hash.4.1.dylib; path = ../../../../usr/local/Cellar/opencv/4.1.0/lib/libopencv_img_hash.4.1.dylib; sourceTree = "<group>"; };
		5B4C2386226442EB00DFE5D2 /* libopencv_bgsegm.4.1.0.dylib */ = {isa = PBXFileReference; lastKnownFileType = "compiled.mach-o.dylib"; name = libopencv_bgsegm.4.1.0.dylib; path = ../../../../usr/local/Cellar/opencv/4.1.0/lib/libopencv_bgsegm.4.1.0.dylib; sourceTree = "<group>"; };
		5B4C2387226442EB00DFE5D2 /* libopencv_shape.4.1.dylib */ = {isa = PBXFileReference; lastKnownFileType = "compiled.mach-o.dylib"; name = libopencv_shape.4.1.dylib; path = ../../../../usr/local/Cellar/opencv/4.1.0/lib/libopencv_shape.4.1.dylib; sourceTree = "<group>"; };
		5B4C2388226442EB00DFE5D2 /* libopencv_xobjdetect.4.1.0.dylib */ = {isa = PBXFileReference; lastKnownFileType = "compiled.mach-o.dylib"; name = libopencv_xobjdetect.4.1.0.dylib; path = ../../../../usr/local/Cellar/opencv/4.1.0/lib/libopencv_xobjdetect.4.1.0.dylib; sourceTree = "<group>"; };
		5B4C2389226442EB00DFE5D2 /* libopencv_videoio.dylib */ = {isa = PBXFileReference; lastKnownFileType = "compiled.mach-o.dylib"; name = libopencv_videoio.dylib; path = ../../../../usr/local/Cellar/opencv/4.1.0/lib/libopencv_videoio.dylib; sourceTree = "<group>"; };
		5B4C238A226442EB00DFE5D2 /* libopencv_videostab.dylib */ = {isa = PBXFileReference; lastKnownFileType = "compiled.mach-o.dylib"; name = libopencv_videostab.dylib; path = ../../../../usr/local/Cellar/opencv/4.1.0/lib/libopencv_videostab.dylib; sourceTree = "<group>"; };
		5B4C238B226442EB00DFE5D2 /* libopencv_photo.4.1.0.dylib */ = {isa = PBXFileReference; lastKnownFileType = "compiled.mach-o.dylib"; name = libopencv_photo.4.1.0.dylib; path = ../../../../usr/local/Cellar/opencv/4.1.0/lib/libopencv_photo.4.1.0.dylib; sourceTree = "<group>"; };
		5B4C238C226442EB00DFE5D2 /* libopencv_quality.4.1.dylib */ = {isa = PBXFileReference; lastKnownFileType = "compiled.mach-o.dylib"; name = libopencv_quality.4.1.dylib; path = ../../../../usr/local/Cellar/opencv/4.1.0/lib/libopencv_quality.4.1.dylib; sourceTree = "<group>"; };
		5B4C238D226442EB00DFE5D2 /* libopencv_xobjdetect.dylib */ = {isa = PBXFileReference; lastKnownFileType = "compiled.mach-o.dylib"; name = libopencv_xobjdetect.dylib; path = ../../../../usr/local/Cellar/opencv/4.1.0/lib/libopencv_xobjdetect.dylib; sourceTree = "<group>"; };
		5B4C238E226442EB00DFE5D2 /* libopencv_imgcodecs.4.1.0.dylib */ = {isa = PBXFileReference; lastKnownFileType = "compiled.mach-o.dylib"; name = libopencv_imgcodecs.4.1.0.dylib; path = ../../../../usr/local/Cellar/opencv/4.1.0/lib/libopencv_imgcodecs.4.1.0.dylib; sourceTree = "<group>"; };
		5B4C238F226442EB00DFE5D2 /* libopencv_objdetect.4.1.dylib */ = {isa = PBXFileReference; lastKnownFileType = "compiled.mach-o.dylib"; name = libopencv_objdetect.4.1.dylib; path = ../../../../usr/local/Cellar/opencv/4.1.0/lib/libopencv_objdetect.4.1.dylib; sourceTree = "<group>"; };
		5B4C2390226442EB00DFE5D2 /* libopencv_dnn.4.1.dylib */ = {isa = PBXFileReference; lastKnownFileType = "compiled.mach-o.dylib"; name = libopencv_dnn.4.1.dylib; path = ../../../../usr/local/Cellar/opencv/4.1.0/lib/libopencv_dnn.4.1.dylib; sourceTree = "<group>"; };
		5B4C2391226442EB00DFE5D2 /* libopencv_imgcodecs.4.1.dylib */ = {isa = PBXFileReference; lastKnownFileType = "compiled.mach-o.dylib"; name = libopencv_imgcodecs.4.1.dylib; path = ../../../../usr/local/Cellar/opencv/4.1.0/lib/libopencv_imgcodecs.4.1.dylib; sourceTree = "<group>"; };
		5B4C2392226442EB00DFE5D2 /* libopencv_rgbd.4.1.0.dylib */ = {isa = PBXFileReference; lastKnownFileType = "compiled.mach-o.dylib"; name = libopencv_rgbd.4.1.0.dylib; path = ../../../../usr/local/Cellar/opencv/4.1.0/lib/libopencv_rgbd.4.1.0.dylib; sourceTree = "<group>"; };
		5B4C2393226442EB00DFE5D2 /* libopencv_surface_matching.dylib */ = {isa = PBXFileReference; lastKnownFileType = "compiled.mach-o.dylib"; name = libopencv_surface_matching.dylib; path = ../../../../usr/local/Cellar/opencv/4.1.0/lib/libopencv_surface_matching.dylib; sourceTree = "<group>"; };
		5B4C2394226442EB00DFE5D2 /* libopencv_tracking.4.1.0.dylib */ = {isa = PBXFileReference; lastKnownFileType = "compiled.mach-o.dylib"; name = libopencv_tracking.4.1.0.dylib; path = ../../../../usr/local/Cellar/opencv/4.1.0/lib/libopencv_tracking.4.1.0.dylib; sourceTree = "<group>"; };
		5B4C2395226442EB00DFE5D2 /* libopencv_photo.4.1.dylib */ = {isa = PBXFileReference; lastKnownFileType = "compiled.mach-o.dylib"; name = libopencv_photo.4.1.dylib; path = ../../../../usr/local/Cellar/opencv/4.1.0/lib/libopencv_photo.4.1.dylib; sourceTree = "<group>"; };
		5B4C2396226442EB00DFE5D2 /* libopencv_stereo.dylib */ = {isa = PBXFileReference; lastKnownFileType = "compiled.mach-o.dylib"; name = libopencv_stereo.dylib; path = ../../../../usr/local/Cellar/opencv/4.1.0/lib/libopencv_stereo.dylib; sourceTree = "<group>"; };
		5B4C2397226442EB00DFE5D2 /* libopencv_datasets.4.1.0.dylib */ = {isa = PBXFileReference; lastKnownFileType = "compiled.mach-o.dylib"; name = libopencv_datasets.4.1.0.dylib; path = ../../../../usr/local/Cellar/opencv/4.1.0/lib/libopencv_datasets.4.1.0.dylib; sourceTree = "<group>"; };
		5B4C2398226442EB00DFE5D2 /* libopencv_saliency.dylib */ = {isa = PBXFileReference; lastKnownFileType = "compiled.mach-o.dylib"; name = libopencv_saliency.dylib; path = ../../../../usr/local/Cellar/opencv/4.1.0/lib/libopencv_saliency.dylib; sourceTree = "<group>"; };
		5B4C2399226442EB00DFE5D2 /* libopencv_fuzzy.4.1.dylib */ = {isa = PBXFileReference; lastKnownFileType = "compiled.mach-o.dylib"; name = libopencv_fuzzy.4.1.dylib; path = ../../../../usr/local/Cellar/opencv/4.1.0/lib/libopencv_fuzzy.4.1.dylib; sourceTree = "<group>"; };
		5B4C239A226442EB00DFE5D2 /* libopencv_videoio.4.1.0.dylib */ = {isa = PBXFileReference; lastKnownFileType = "compiled.mach-o.dylib"; name = libopencv_videoio.4.1.0.dylib; path = ../../../../usr/local/Cellar/opencv/4.1.0/lib/libopencv_videoio.4.1.0.dylib; sourceTree = "<group>"; };
		5B4C239B226442EB00DFE5D2 /* libopencv_ximgproc.4.1.0.dylib */ = {isa = PBXFileReference; lastKnownFileType = "compiled.mach-o.dylib"; name = libopencv_ximgproc.4.1.0.dylib; path = ../../../../usr/local/Cellar/opencv/4.1.0/lib/libopencv_ximgproc.4.1.0.dylib; sourceTree = "<group>"; };
		5B4C239C226442EB00DFE5D2 /* libopencv_bioinspired.4.1.dylib */ = {isa = PBXFileReference; lastKnownFileType = "compiled.mach-o.dylib"; name = libopencv_bioinspired.4.1.dylib; path = ../../../../usr/local/Cellar/opencv/4.1.0/lib/libopencv_bioinspired.4.1.dylib; sourceTree = "<group>"; };
		5B4C239D226442EB00DFE5D2 /* libopencv_ccalib.4.1.dylib */ = {isa = PBXFileReference; lastKnownFileType = "compiled.mach-o.dylib"; name = libopencv_ccalib.4.1.dylib; path = ../../../../usr/local/Cellar/opencv/4.1.0/lib/libopencv_ccalib.4.1.dylib; sourceTree = "<group>"; };
		5B4C239E226442EB00DFE5D2 /* libopencv_stereo.4.1.dylib */ = {isa = PBXFileReference; lastKnownFileType = "compiled.mach-o.dylib"; name = libopencv_stereo.4.1.dylib; path = ../../../../usr/local/Cellar/opencv/4.1.0/lib/libopencv_stereo.4.1.dylib; sourceTree = "<group>"; };
		5B4C239F226442EB00DFE5D2 /* libopencv_xfeatures2d.4.1.0.dylib */ = {isa = PBXFileReference; lastKnownFileType = "compiled.mach-o.dylib"; name = libopencv_xfeatures2d.4.1.0.dylib; path = ../../../../usr/local/Cellar/opencv/4.1.0/lib/libopencv_xfeatures2d.4.1.0.dylib; sourceTree = "<group>"; };
		5B4C23A0226442EB00DFE5D2 /* libopencv_text.dylib */ = {isa = PBXFileReference; lastKnownFileType = "compiled.mach-o.dylib"; name = libopencv_text.dylib; path = ../../../../usr/local/Cellar/opencv/4.1.0/lib/libopencv_text.dylib; sourceTree = "<group>"; };
		5B4C23A1226442EB00DFE5D2 /* libopencv_optflow.4.1.dylib */ = {isa = PBXFileReference; lastKnownFileType = "compiled.mach-o.dylib"; name = libopencv_optflow.4.1.dylib; path = ../../../../usr/local/Cellar/opencv/4.1.0/lib/libopencv_optflow.4.1.dylib; sourceTree = "<group>"; };
		5B4C23A2226442EC00DFE5D2 /* libopencv_ccalib.dylib */ = {isa = PBXFileReference; lastKnownFileType = "compiled.mach-o.dylib"; name = libopencv_ccalib.dylib; path = ../../../../usr/local/Cellar/opencv/4.1.0/lib/libopencv_ccalib.dylib; sourceTree = "<group>"; };
		5B4C23A3226442EC00DFE5D2 /* libopencv_line_descriptor.4.1.dylib */ = {isa = PBXFileReference; lastKnownFileType = "compiled.mach-o.dylib"; name = libopencv_line_descriptor.4.1.dylib; path = ../../../../usr/local/Cellar/opencv/4.1.0/lib/libopencv_line_descriptor.4.1.dylib; sourceTree = "<group>"; };
		5B4C23A4226442EC00DFE5D2 /* libopencv_tracking.dylib */ = {isa = PBXFileReference; lastKnownFileType = "compiled.mach-o.dylib"; name = libopencv_tracking.dylib; path = ../../../../usr/local/Cellar/opencv/4.1.0/lib/libopencv_tracking.dylib; sourceTree = "<group>"; };
		5B4C23A5226442EC00DFE5D2 /* libopencv_optflow.4.1.0.dylib */ = {isa = PBXFileReference; lastKnownFileType = "compiled.mach-o.dylib"; name = libopencv_optflow.4.1.0.dylib; path = ../../../../usr/local/Cellar/opencv/4.1.0/lib/libopencv_optflow.4.1.0.dylib; sourceTree = "<group>"; };
		5B4C23A6226442EC00DFE5D2 /* libopencv_xphoto.4.1.0.dylib */ = {isa = PBXFileReference; lastKnownFileType = "compiled.mach-o.dylib"; name = libopencv_xphoto.4.1.0.dylib; path = ../../../../usr/local/Cellar/opencv/4.1.0/lib/libopencv_xphoto.4.1.0.dylib; sourceTree = "<group>"; };
		5B4C23A7226442EC00DFE5D2 /* libopencv_structured_light.4.1.dylib */ = {isa = PBXFileReference; lastKnownFileType = "compiled.mach-o.dylib"; name = libopencv_structured_light.4.1.dylib; path = ../../../../usr/local/Cellar/opencv/4.1.0/lib/libopencv_structured_light.4.1.dylib; sourceTree = "<group>"; };
		5B4C23A8226442EC00DFE5D2 /* libopencv_xphoto.4.1.dylib */ = {isa = PBXFileReference; lastKnownFileType = "compiled.mach-o.dylib"; name = libopencv_xphoto.4.1.dylib; path = ../../../../usr/local/Cellar/opencv/4.1.0/lib/libopencv_xphoto.4.1.dylib; sourceTree = "<group>"; };
		5B4C23A9226442EC00DFE5D2 /* libopencv_line_descriptor.4.1.0.dylib */ = {isa = PBXFileReference; lastKnownFileType = "compiled.mach-o.dylib"; name = libopencv_line_descriptor.4.1.0.dylib; path = ../../../../usr/local/Cellar/opencv/4.1.0/lib/libopencv_line_descriptor.4.1.0.dylib; sourceTree = "<group>"; };
		5B4C23AA226442EC00DFE5D2 /* libopencv_bgsegm.4.1.dylib */ = {isa = PBXFileReference; lastKnownFileType = "compiled.mach-o.dylib"; name = libopencv_bgsegm.4.1.dylib; path = ../../../../usr/local/Cellar/opencv/4.1.0/lib/libopencv_bgsegm.4.1.dylib; sourceTree = "<group>"; };
		5B4C23AB226442EC00DFE5D2 /* libopencv_structured_light.dylib */ = {isa = PBXFileReference; lastKnownFileType = "compiled.mach-o.dylib"; name = libopencv_structured_light.dylib; path = ../../../../usr/local/Cellar/opencv/4.1.0/lib/libopencv_structured_light.dylib; sourceTree = "<group>"; };
		5B4C23AC226442EC00DFE5D2 /* libopencv_hfs.dylib */ = {isa = PBXFileReference; lastKnownFileType = "compiled.mach-o.dylib"; name = libopencv_hfs.dylib; path = ../../../../usr/local/Cellar/opencv/4.1.0/lib/libopencv_hfs.dylib; sourceTree = "<group>"; };
		5B4C23AD226442EC00DFE5D2 /* libopencv_video.4.1.0.dylib */ = {isa = PBXFileReference; lastKnownFileType = "compiled.mach-o.dylib"; name = libopencv_video.4.1.0.dylib; path = ../../../../usr/local/Cellar/opencv/4.1.0/lib/libopencv_video.4.1.0.dylib; sourceTree = "<group>"; };
		5B4C23AE226442EC00DFE5D2 /* libopencv_xfeatures2d.4.1.dylib */ = {isa = PBXFileReference; lastKnownFileType = "compiled.mach-o.dylib"; name = libopencv_xfeatures2d.4.1.dylib; path = ../../../../usr/local/Cellar/opencv/4.1.0/lib/libopencv_xfeatures2d.4.1.dylib; sourceTree = "<group>"; };
		5B4C23AF226442EC00DFE5D2 /* libopencv_face.4.1.0.dylib */ = {isa = PBXFileReference; lastKnownFileType = "compiled.mach-o.dylib"; name = libopencv_face.4.1.0.dylib; path = ../../../../usr/local/Cellar/opencv/4.1.0/lib/libopencv_face.4.1.0.dylib; sourceTree = "<group>"; };
		5B4C23B0226442EC00DFE5D2 /* libopencv_shape.dylib */ = {isa = PBXFileReference; lastKnownFileType = "compiled.mach-o.dylib"; name = libopencv_shape.dylib; path = ../../../../usr/local/Cellar/opencv/4.1.0/lib/libopencv_shape.dylib; sourceTree = "<group>"; };
		5B4C23B1226442EC00DFE5D2 /* libopencv_video.dylib */ = {isa = PBXFileReference; lastKnownFileType = "compiled.mach-o.dylib"; name = libopencv_video.dylib; path = ../../../../usr/local/Cellar/opencv/4.1.0/lib/libopencv_video.dylib; sourceTree = "<group>"; };
		5B4C23B2226442EC00DFE5D2 /* libopencv_highgui.4.1.0.dylib */ = {isa = PBXFileReference; lastKnownFileType = "compiled.mach-o.dylib"; name = libopencv_highgui.4.1.0.dylib; path = ../../../../usr/local/Cellar/opencv/4.1.0/lib/libopencv_highgui.4.1.0.dylib; sourceTree = "<group>"; };
		5B4C23B3226442EC00DFE5D2 /* libopencv_stitching.4.1.dylib */ = {isa = PBXFileReference; lastKnownFileType = "compiled.mach-o.dylib"; name = libopencv_stitching.4.1.dylib; path = ../../../../usr/local/Cellar/opencv/4.1.0/lib/libopencv_stitching.4.1.dylib; sourceTree = "<group>"; };
		5B4C23B4226442EC00DFE5D2 /* libopencv_shape.4.1.0.dylib */ = {isa = PBXFileReference; lastKnownFileType = "compiled.mach-o.dylib"; name = libopencv_shape.4.1.0.dylib; path = ../../../../usr/local/Cellar/opencv/4.1.0/lib/libopencv_shape.4.1.0.dylib; sourceTree = "<group>"; };
		5B4C23B5226442EC00DFE5D2 /* libopencv_flann.4.1.dylib */ = {isa = PBXFileReference; lastKnownFileType = "compiled.mach-o.dylib"; name = libopencv_flann.4.1.dylib; path = ../../../../usr/local/Cellar/opencv/4.1.0/lib/libopencv_flann.4.1.dylib; sourceTree = "<group>"; };
		5B4C23B6226442EC00DFE5D2 /* libopencv_superres.dylib */ = {isa = PBXFileReference; lastKnownFileType = "compiled.mach-o.dylib"; name = libopencv_superres.dylib; path = ../../../../usr/local/Cellar/opencv/4.1.0/lib/libopencv_superres.dylib; sourceTree = "<group>"; };
		5B4C23B7226442EC00DFE5D2 /* libopencv_fuzzy.dylib */ = {isa = PBXFileReference; lastKnownFileType = "compiled.mach-o.dylib"; name = libopencv_fuzzy.dylib; path = ../../../../usr/local/Cellar/opencv/4.1.0/lib/libopencv_fuzzy.dylib; sourceTree = "<group>"; };
		5B4C23B8226442EC00DFE5D2 /* libopencv_gapi.dylib */ = {isa = PBXFileReference; lastKnownFileType = "compiled.mach-o.dylib"; name = libopencv_gapi.dylib; path = ../../../../usr/local/Cellar/opencv/4.1.0/lib/libopencv_gapi.dylib; sourceTree = "<group>"; };
		5B4C23B9226442EC00DFE5D2 /* libopencv_gapi.4.1.dylib */ = {isa = PBXFileReference; lastKnownFileType = "compiled.mach-o.dylib"; name = libopencv_gapi.4.1.dylib; path = ../../../../usr/local/Cellar/opencv/4.1.0/lib/libopencv_gapi.4.1.dylib; sourceTree = "<group>"; };
		5B4C23BA226442EC00DFE5D2 /* libopencv_flann.4.1.0.dylib */ = {isa = PBXFileReference; lastKnownFileType = "compiled.mach-o.dylib"; name = libopencv_flann.4.1.0.dylib; path = ../../../../usr/local/Cellar/opencv/4.1.0/lib/libopencv_flann.4.1.0.dylib; sourceTree = "<group>"; };
		5B4C23BB226442EC00DFE5D2 /* libopencv_saliency.4.1.dylib */ = {isa = PBXFileReference; lastKnownFileType = "compiled.mach-o.dylib"; name = libopencv_saliency.4.1.dylib; path = ../../../../usr/local/Cellar/opencv/4.1.0/lib/libopencv_saliency.4.1.dylib; sourceTree = "<group>"; };
		5B4C23BC226442EC00DFE5D2 /* libopencv_imgcodecs.dylib */ = {isa = PBXFileReference; lastKnownFileType = "compiled.mach-o.dylib"; name = libopencv_imgcodecs.dylib; path = ../../../../usr/local/Cellar/opencv/4.1.0/lib/libopencv_imgcodecs.dylib; sourceTree = "<group>"; };
		5B4C23BD226442EC00DFE5D2 /* libopencv_plot.4.1.dylib */ = {isa = PBXFileReference; lastKnownFileType = "compiled.mach-o.dylib"; name = libopencv_plot.4.1.dylib; path = ../../../../usr/local/Cellar/opencv/4.1.0/lib/libopencv_plot.4.1.dylib; sourceTree = "<group>"; };
		5B4C23BE226442EC00DFE5D2 /* libopencv_objdetect.dylib */ = {isa = PBXFileReference; lastKnownFileType = "compiled.mach-o.dylib"; name = libopencv_objdetect.dylib; path = ../../../../usr/local/Cellar/opencv/4.1.0/lib/libopencv_objdetect.dylib; sourceTree = "<group>"; };
		5B4C23BF226442EC00DFE5D2 /* libopencv_dpm.dylib */ = {isa = PBXFileReference; lastKnownFileType = "compiled.mach-o.dylib"; name = libopencv_dpm.dylib; path = ../../../../usr/local/Cellar/opencv/4.1.0/lib/libopencv_dpm.dylib; sourceTree = "<group>"; };
		5B4C23C0226442EC00DFE5D2 /* libopencv_imgproc.dylib */ = {isa = PBXFileReference; lastKnownFileType = "compiled.mach-o.dylib"; name = libopencv_imgproc.dylib; path = ../../../../usr/local/Cellar/opencv/4.1.0/lib/libopencv_imgproc.dylib; sourceTree = "<group>"; };
		5B4C23C1226442EC00DFE5D2 /* libopencv_plot.4.1.0.dylib */ = {isa = PBXFileReference; lastKnownFileType = "compiled.mach-o.dylib"; name = libopencv_plot.4.1.0.dylib; path = ../../../../usr/local/Cellar/opencv/4.1.0/lib/libopencv_plot.4.1.0.dylib; sourceTree = "<group>"; };
		5B4C23C2226442EC00DFE5D2 /* libopencv_dnn.dylib */ = {isa = PBXFileReference; lastKnownFileType = "compiled.mach-o.dylib"; name = libopencv_dnn.dylib; path = ../../../../usr/local/Cellar/opencv/4.1.0/lib/libopencv_dnn.dylib; sourceTree = "<group>"; };
		5B4C23C3226442EC00DFE5D2 /* libopencv_rgbd.4.1.dylib */ = {isa = PBXFileReference; lastKnownFileType = "compiled.mach-o.dylib"; name = libopencv_rgbd.4.1.dylib; path = ../../../../usr/local/Cellar/opencv/4.1.0/lib/libopencv_rgbd.4.1.dylib; sourceTree = "<group>"; };
		5B4C23C4226442EC00DFE5D2 /* libopencv_features2d.4.1.dylib */ = {isa = PBXFileReference; lastKnownFileType = "compiled.mach-o.dylib"; name = libopencv_features2d.4.1.dylib; path = ../../../../usr/local/Cellar/opencv/4.1.0/lib/libopencv_features2d.4.1.dylib; sourceTree = "<group>"; };
		5B4C23C5226442EC00DFE5D2 /* libopencv_reg.4.1.dylib */ = {isa = PBXFileReference; lastKnownFileType = "compiled.mach-o.dylib"; name = libopencv_reg.4.1.dylib; path = ../../../../usr/local/Cellar/opencv/4.1.0/lib/libopencv_reg.4.1.dylib; sourceTree = "<group>"; };
		5B4C23C6226442EC00DFE5D2 /* libopencv_datasets.dylib */ = {isa = PBXFileReference; lastKnownFileType = "compiled.mach-o.dylib"; name = libopencv_datasets.dylib; path = ../../../../usr/local/Cellar/opencv/4.1.0/lib/libopencv_datasets.dylib; sourceTree = "<group>"; };
		5B4C23C7226442EC00DFE5D2 /* libopencv_superres.4.1.0.dylib */ = {isa = PBXFileReference; lastKnownFileType = "compiled.mach-o.dylib"; name = libopencv_superres.4.1.0.dylib; path = ../../../../usr/local/Cellar/opencv/4.1.0/lib/libopencv_superres.4.1.0.dylib; sourceTree = "<group>"; };
		5B4C23C8226442EC00DFE5D2 /* libopencv_dnn_objdetect.dylib */ = {isa = PBXFileReference; lastKnownFileType = "compiled.mach-o.dylib"; name = libopencv_dnn_objdetect.dylib; path = ../../../../usr/local/Cellar/opencv/4.1.0/lib/libopencv_dnn_objdetect.dylib; sourceTree = "<group>"; };
		5B4C23C9226442EC00DFE5D2 /* libopencv_xobjdetect.4.1.dylib */ = {isa = PBXFileReference; lastKnownFileType = "compiled.mach-o.dylib"; name = libopencv_xobjdetect.4.1.dylib; path = ../../../../usr/local/Cellar/opencv/4.1.0/lib/libopencv_xobjdetect.4.1.dylib; sourceTree = "<group>"; };
		5B4C23CA226442EC00DFE5D2 /* libopencv_xphoto.dylib */ = {isa = PBXFileReference; lastKnownFileType = "compiled.mach-o.dylib"; name = libopencv_xphoto.dylib; path = ../../../../usr/local/Cellar/opencv/4.1.0/lib/libopencv_xphoto.dylib; sourceTree = "<group>"; };
		5B4C23CB226442EC00DFE5D2 /* libopencv_core.dylib */ = {isa = PBXFileReference; lastKnownFileType = "compiled.mach-o.dylib"; name = libopencv_core.dylib; path = ../../../../usr/local/Cellar/opencv/4.1.0/lib/libopencv_core.dylib; sourceTree = "<group>"; };
		5B4C23CC226442EC00DFE5D2 /* libopencv_fuzzy.4.1.0.dylib */ = {isa = PBXFileReference; lastKnownFileType = "compiled.mach-o.dylib"; name = libopencv_fuzzy.4.1.0.dylib; path = ../../../../usr/local/Cellar/opencv/4.1.0/lib/libopencv_fuzzy.4.1.0.dylib; sourceTree = "<group>"; };
		5B4C23CD226442EC00DFE5D2 /* libopencv_reg.dylib */ = {isa = PBXFileReference; lastKnownFileType = "compiled.mach-o.dylib"; name = libopencv_reg.dylib; path = ../../../../usr/local/Cellar/opencv/4.1.0/lib/libopencv_reg.dylib; sourceTree = "<group>"; };
		5B4C23CE226442EC00DFE5D2 /* libopencv_reg.4.1.0.dylib */ = {isa = PBXFileReference; lastKnownFileType = "compiled.mach-o.dylib"; name = libopencv_reg.4.1.0.dylib; path = ../../../../usr/local/Cellar/opencv/4.1.0/lib/libopencv_reg.4.1.0.dylib; sourceTree = "<group>"; };
		5B4C23CF226442EC00DFE5D2 /* libopencv_dnn_objdetect.4.1.0.dylib */ = {isa = PBXFileReference; lastKnownFileType = "compiled.mach-o.dylib"; name = libopencv_dnn_objdetect.4.1.0.dylib; path = ../../../../usr/local/Cellar/opencv/4.1.0/lib/libopencv_dnn_objdetect.4.1.0.dylib; sourceTree = "<group>"; };
		5B4C23D0226442EC00DFE5D2 /* libopencv_aruco.4.1.0.dylib */ = {isa = PBXFileReference; lastKnownFileType = "compiled.mach-o.dylib"; name = libopencv_aruco.4.1.0.dylib; path = ../../../../usr/local/Cellar/opencv/4.1.0/lib/libopencv_aruco.4.1.0.dylib; sourceTree = "<group>"; };
		5B4C23D1226442EC00DFE5D2 /* libopencv_aruco.4.1.dylib */ = {isa = PBXFileReference; lastKnownFileType = "compiled.mach-o.dylib"; name = libopencv_aruco.4.1.dylib; path = ../../../../usr/local/Cellar/opencv/4.1.0/lib/libopencv_aruco.4.1.dylib; sourceTree = "<group>"; };
		5B4C23D2226442EC00DFE5D2 /* libopencv_face.4.1.dylib */ = {isa = PBXFileReference; lastKnownFileType = "compiled.mach-o.dylib"; name = libopencv_face.4.1.dylib; path = ../../../../usr/local/Cellar/opencv/4.1.0/lib/libopencv_face.4.1.dylib; sourceTree = "<group>"; };
		5B4C23D3226442EC00DFE5D2 /* libopencv_xfeatures2d.dylib */ = {isa = PBXFileReference; lastKnownFileType = "compiled.mach-o.dylib"; name = libopencv_xfeatures2d.dylib; path = ../../../../usr/local/Cellar/opencv/4.1.0/lib/libopencv_xfeatures2d.dylib; sourceTree = "<group>"; };
		5B4C23D4226442EC00DFE5D2 /* libopencv_saliency.4.1.0.dylib */ = {isa = PBXFileReference; lastKnownFileType = "compiled.mach-o.dylib"; name = libopencv_saliency.4.1.0.dylib; path = ../../../../usr/local/Cellar/opencv/4.1.0/lib/libopencv_saliency.4.1.0.dylib; sourceTree = "<group>"; };
		5B4C23D5226442EC00DFE5D2 /* libopencv_surface_matching.4.1.dylib */ = {isa = PBXFileReference; lastKnownFileType = "compiled.mach-o.dylib"; name = libopencv_surface_matching.4.1.dylib; path = ../../../../usr/local/Cellar/opencv/4.1.0/lib/libopencv_surface_matching.4.1.dylib; sourceTree = "<group>"; };
		5B4C23D6226442ED00DFE5D2 /* libopencv_stitching.4.1.0.dylib */ = {isa = PBXFileReference; lastKnownFileType = "compiled.mach-o.dylib"; name = libopencv_stitching.4.1.0.dylib; path = ../../../../usr/local/Cellar/opencv/4.1.0/lib/libopencv_stitching.4.1.0.dylib; sourceTree = "<group>"; };
		5B4C23D7226442ED00DFE5D2 /* libopencv_phase_unwrapping.4.1.0.dylib */ = {isa = PBXFileReference; lastKnownFileType = "compiled.mach-o.dylib"; name = libopencv_phase_unwrapping.4.1.0.dylib; path = ../../../../usr/local/Cellar/opencv/4.1.0/lib/libopencv_phase_unwrapping.4.1.0.dylib; sourceTree = "<group>"; };
		5B4C2465226444A800DFE5D2 /* Info.plist */ = {isa = PBXFileReference; lastKnownFileType = text.plist.xml; path = Info.plist; sourceTree = "<group>"; };
		5B56FDDD2264098F00C3D187 /* AugmentedReality */ = {isa = PBXFileReference; explicitFileType = "compiled.mach-o.executable"; includeInIndex = 0; path = AugmentedReality; sourceTree = BUILT_PRODUCTS_DIR; };
		5BC133F3229F56240080F305 /* OpenGL.framework */ = {isa = PBXFileReference; lastKnownFileType = wrapper.framework; name = OpenGL.framework; path = System/Library/Frameworks/OpenGL.framework; sourceTree = SDKROOT; };
		5BC133F5229F568A0080F305 /* libglfw.3.3.dylib */ = {isa = PBXFileReference; lastKnownFileType = "compiled.mach-o.dylib"; name = libglfw.3.3.dylib; path = ../../../../usr/local/lib/libglfw.3.3.dylib; sourceTree = "<group>"; };
		5BC13403229F5AD40080F305 /* MarkerTracker.cpp */ = {isa = PBXFileReference; fileEncoding = 4; lastKnownFileType = sourcecode.cpp.cpp; path = MarkerTracker.cpp; sourceTree = "<group>"; };
		5BC13405229F5AD60080F305 /* MarkerTracker.h */ = {isa = PBXFileReference; lastKnownFileType = sourcecode.c.h; path = MarkerTracker.h; sourceTree = "<group>"; };
		5BC13406229F5AE50080F305 /* PoseEstimation.cpp */ = {isa = PBXFileReference; fileEncoding = 4; lastKnownFileType = sourcecode.cpp.cpp; path = PoseEstimation.cpp; sourceTree = "<group>"; };
		5BC13408229F5AEA0080F305 /* PoseEstimation.h */ = {isa = PBXFileReference; lastKnownFileType = sourcecode.c.h; path = PoseEstimation.h; sourceTree = "<group>"; };
/* End PBXFileReference section */

/* Begin PBXFrameworksBuildPhase section */
		5B56FDDA2264098F00C3D187 /* Frameworks */ = {
			isa = PBXFrameworksBuildPhase;
			buildActionMask = 2147483647;
			files = (
				5BC133F4229F56240080F305 /* OpenGL.framework in Frameworks */,
				5B4C23D8226442ED00DFE5D2 /* libopencv_photo.dylib in Frameworks */,
				5B4C23DA226442ED00DFE5D2 /* libopencv_dpm.4.1.0.dylib in Frameworks */,
				5B4C23DB226442ED00DFE5D2 /* libopencv_calib3d.4.1.0.dylib in Frameworks */,
				5B4C23DC226442ED00DFE5D2 /* libopencv_highgui.dylib in Frameworks */,
				5B4C23DD226442ED00DFE5D2 /* libopencv_hfs.4.1.0.dylib in Frameworks */,
				5B4C23DE226442ED00DFE5D2 /* libopencv_freetype.4.1.0.dylib in Frameworks */,
				5B4C23DF226442ED00DFE5D2 /* libopencv_datasets.4.1.dylib in Frameworks */,
				5B4C23E0226442ED00DFE5D2 /* libopencv_videostab.4.1.0.dylib in Frameworks */,
				5B4C23E1226442ED00DFE5D2 /* libopencv_ximgproc.4.1.dylib in Frameworks */,
				5B4C23E2226442ED00DFE5D2 /* libopencv_phase_unwrapping.dylib in Frameworks */,
				5B4C23E3226442ED00DFE5D2 /* libopencv_quality.dylib in Frameworks */,
				5B4C23E4226442ED00DFE5D2 /* libopencv_features2d.4.1.0.dylib in Frameworks */,
				5B4C23E5226442ED00DFE5D2 /* libopencv_superres.4.1.dylib in Frameworks */,
				5B4C23E6226442ED00DFE5D2 /* libopencv_face.dylib in Frameworks */,
				5B4C23E7226442ED00DFE5D2 /* libopencv_ml.4.1.0.dylib in Frameworks */,
				5B4C23E8226442ED00DFE5D2 /* libopencv_videoio.4.1.dylib in Frameworks */,
				5B4C23E9226442ED00DFE5D2 /* libopencv_gapi.4.1.0.dylib in Frameworks */,
				5B4C23EA226442ED00DFE5D2 /* libopencv_dnn.4.1.0.dylib in Frameworks */,
				5B4C23EB226442ED00DFE5D2 /* libopencv_dnn_objdetect.4.1.dylib in Frameworks */,
				5B4C23EC226442ED00DFE5D2 /* libopencv_highgui.4.1.dylib in Frameworks */,
				5B4C23ED226442ED00DFE5D2 /* libopencv_stitching.dylib in Frameworks */,
				5B4C23EE226442ED00DFE5D2 /* libopencv_img_hash.4.1.0.dylib in Frameworks */,
				5B4C23EF226442ED00DFE5D2 /* libopencv_dpm.4.1.dylib in Frameworks */,
				5B4C23F0226442ED00DFE5D2 /* libopencv_calib3d.4.1.dylib in Frameworks */,
				5B4C23F1226442ED00DFE5D2 /* libopencv_rgbd.dylib in Frameworks */,
				5B4C23F2226442ED00DFE5D2 /* libopencv_bioinspired.dylib in Frameworks */,
				5B4C23F3226442ED00DFE5D2 /* libopencv_structured_light.4.1.0.dylib in Frameworks */,
				5B4C23F4226442ED00DFE5D2 /* libopencv_phase_unwrapping.4.1.dylib in Frameworks */,
				5B4C23F5226442ED00DFE5D2 /* libopencv_tracking.4.1.dylib in Frameworks */,
				5B4C23F6226442ED00DFE5D2 /* libopencv_imgproc.4.1.dylib in Frameworks */,
				5B4C23F7226442ED00DFE5D2 /* libopencv_plot.dylib in Frameworks */,
				5B4C23F8226442ED00DFE5D2 /* libopencv_ml.4.1.dylib in Frameworks */,
				5B4C23F9226442ED00DFE5D2 /* libopencv_quality.4.1.0.dylib in Frameworks */,
				5B4C23FA226442ED00DFE5D2 /* libopencv_text.4.1.0.dylib in Frameworks */,
				5B4C23FB226442ED00DFE5D2 /* libopencv_surface_matching.4.1.0.dylib in Frameworks */,
				5B4C23FC226442ED00DFE5D2 /* libopencv_imgproc.4.1.0.dylib in Frameworks */,
				5B4C23FD226442ED00DFE5D2 /* libopencv_aruco.dylib in Frameworks */,
				5B4C23FE226442ED00DFE5D2 /* libopencv_ximgproc.dylib in Frameworks */,
				5B4C23FF226442ED00DFE5D2 /* libopencv_calib3d.dylib in Frameworks */,
				5B4C2400226442ED00DFE5D2 /* libopencv_core.4.1.dylib in Frameworks */,
				5B4C2401226442ED00DFE5D2 /* libopencv_core.4.1.0.dylib in Frameworks */,
				5B4C2402226442ED00DFE5D2 /* libopencv_flann.dylib in Frameworks */,
				5B4C2403226442ED00DFE5D2 /* libopencv_features2d.dylib in Frameworks */,
				5B4C2404226442ED00DFE5D2 /* libopencv_line_descriptor.dylib in Frameworks */,
				5B4C2405226442ED00DFE5D2 /* libopencv_video.4.1.dylib in Frameworks */,
				5B4C2406226442ED00DFE5D2 /* libopencv_ccalib.4.1.0.dylib in Frameworks */,
				5B4C2407226442ED00DFE5D2 /* libopencv_text.4.1.dylib in Frameworks */,
				5B4C2408226442ED00DFE5D2 /* libopencv_hfs.4.1.dylib in Frameworks */,
				5B4C2409226442ED00DFE5D2 /* libopencv_objdetect.4.1.0.dylib in Frameworks */,
				5B4C240A226442ED00DFE5D2 /* libopencv_stereo.4.1.0.dylib in Frameworks */,
				5B4C240B226442ED00DFE5D2 /* libopencv_ml.dylib in Frameworks */,
				5B4C240C226442ED00DFE5D2 /* libopencv_bgsegm.dylib in Frameworks */,
				5B4C240D226442ED00DFE5D2 /* libopencv_freetype.dylib in Frameworks */,
				5B4C240E226442ED00DFE5D2 /* libopencv_freetype.4.1.dylib in Frameworks */,
				5B4C240F226442ED00DFE5D2 /* libopencv_videostab.4.1.dylib in Frameworks */,
				5B4C2410226442ED00DFE5D2 /* libopencv_bioinspired.4.1.0.dylib in Frameworks */,
				5B4C2411226442ED00DFE5D2 /* libopencv_img_hash.dylib in Frameworks */,
				5B4C2412226442ED00DFE5D2 /* libopencv_img_hash.4.1.dylib in Frameworks */,
				5B4C2413226442ED00DFE5D2 /* libopencv_bgsegm.4.1.0.dylib in Frameworks */,
				5B4C2414226442ED00DFE5D2 /* libopencv_shape.4.1.dylib in Frameworks */,
				5B4C2415226442ED00DFE5D2 /* libopencv_xobjdetect.4.1.0.dylib in Frameworks */,
				5B4C2416226442ED00DFE5D2 /* libopencv_videoio.dylib in Frameworks */,
				5B4C2417226442ED00DFE5D2 /* libopencv_videostab.dylib in Frameworks */,
				5B4C2418226442ED00DFE5D2 /* libopencv_photo.4.1.0.dylib in Frameworks */,
				5B4C2419226442ED00DFE5D2 /* libopencv_quality.4.1.dylib in Frameworks */,
				5B4C241A226442ED00DFE5D2 /* libopencv_xobjdetect.dylib in Frameworks */,
				5B4C241B226442ED00DFE5D2 /* libopencv_imgcodecs.4.1.0.dylib in Frameworks */,
				5B4C241C226442ED00DFE5D2 /* libopencv_objdetect.4.1.dylib in Frameworks */,
				5B4C241D226442ED00DFE5D2 /* libopencv_dnn.4.1.dylib in Frameworks */,
				5B4C241E226442ED00DFE5D2 /* libopencv_imgcodecs.4.1.dylib in Frameworks */,
				5B4C241F226442ED00DFE5D2 /* libopencv_rgbd.4.1.0.dylib in Frameworks */,
				5B4C2420226442ED00DFE5D2 /* libopencv_surface_matching.dylib in Frameworks */,
				5B4C2421226442ED00DFE5D2 /* libopencv_tracking.4.1.0.dylib in Frameworks */,
				5B4C2422226442ED00DFE5D2 /* libopencv_photo.4.1.dylib in Frameworks */,
				5B4C2423226442ED00DFE5D2 /* libopencv_stereo.dylib in Frameworks */,
				5B4C2424226442ED00DFE5D2 /* libopencv_datasets.4.1.0.dylib in Frameworks */,
				5B4C2425226442ED00DFE5D2 /* libopencv_saliency.dylib in Frameworks */,
				5B4C2426226442ED00DFE5D2 /* libopencv_fuzzy.4.1.dylib in Frameworks */,
				5B4C2427226442ED00DFE5D2 /* libopencv_videoio.4.1.0.dylib in Frameworks */,
				5B4C2428226442ED00DFE5D2 /* libopencv_ximgproc.4.1.0.dylib in Frameworks */,
				5B4C2429226442ED00DFE5D2 /* libopencv_bioinspired.4.1.dylib in Frameworks */,
				5B4C242A226442ED00DFE5D2 /* libopencv_ccalib.4.1.dylib in Frameworks */,
				5B4C242B226442ED00DFE5D2 /* libopencv_stereo.4.1.dylib in Frameworks */,
				5B4C242C226442ED00DFE5D2 /* libopencv_xfeatures2d.4.1.0.dylib in Frameworks */,
				5B4C242D226442ED00DFE5D2 /* libopencv_text.dylib in Frameworks */,
				5B4C242E226442ED00DFE5D2 /* libopencv_optflow.4.1.dylib in Frameworks */,
				5B4C242F226442ED00DFE5D2 /* libopencv_ccalib.dylib in Frameworks */,
				5B4C2430226442ED00DFE5D2 /* libopencv_line_descriptor.4.1.dylib in Frameworks */,
				5B4C2431226442ED00DFE5D2 /* libopencv_tracking.dylib in Frameworks */,
				5B4C2432226442ED00DFE5D2 /* libopencv_optflow.4.1.0.dylib in Frameworks */,
				5B4C2433226442ED00DFE5D2 /* libopencv_xphoto.4.1.0.dylib in Frameworks */,
				5B4C2434226442ED00DFE5D2 /* libopencv_structured_light.4.1.dylib in Frameworks */,
				5B4C2435226442ED00DFE5D2 /* libopencv_xphoto.4.1.dylib in Frameworks */,
				5B4C2436226442ED00DFE5D2 /* libopencv_line_descriptor.4.1.0.dylib in Frameworks */,
				5B4C2437226442ED00DFE5D2 /* libopencv_bgsegm.4.1.dylib in Frameworks */,
				5B4C2438226442ED00DFE5D2 /* libopencv_structured_light.dylib in Frameworks */,
				5B4C2439226442ED00DFE5D2 /* libopencv_hfs.dylib in Frameworks */,
				5B4C243A226442ED00DFE5D2 /* libopencv_video.4.1.0.dylib in Frameworks */,
				5B4C243B226442ED00DFE5D2 /* libopencv_xfeatures2d.4.1.dylib in Frameworks */,
				5B4C243C226442ED00DFE5D2 /* libopencv_face.4.1.0.dylib in Frameworks */,
				5B4C243D226442ED00DFE5D2 /* libopencv_shape.dylib in Frameworks */,
				5B4C243E226442ED00DFE5D2 /* libopencv_video.dylib in Frameworks */,
				5B4C243F226442ED00DFE5D2 /* libopencv_highgui.4.1.0.dylib in Frameworks */,
				5B4C2440226442ED00DFE5D2 /* libopencv_stitching.4.1.dylib in Frameworks */,
				5B4C2441226442ED00DFE5D2 /* libopencv_shape.4.1.0.dylib in Frameworks */,
				5B4C2442226442ED00DFE5D2 /* libopencv_flann.4.1.dylib in Frameworks */,
				5B4C2443226442ED00DFE5D2 /* libopencv_superres.dylib in Frameworks */,
				5B4C2444226442ED00DFE5D2 /* libopencv_fuzzy.dylib in Frameworks */,
				5B4C2445226442ED00DFE5D2 /* libopencv_gapi.dylib in Frameworks */,
				5B4C2446226442ED00DFE5D2 /* libopencv_gapi.4.1.dylib in Frameworks */,
				5B4C2447226442ED00DFE5D2 /* libopencv_flann.4.1.0.dylib in Frameworks */,
				5B4C2448226442ED00DFE5D2 /* libopencv_saliency.4.1.dylib in Frameworks */,
				5B4C2449226442ED00DFE5D2 /* libopencv_imgcodecs.dylib in Frameworks */,
				5B4C244A226442ED00DFE5D2 /* libopencv_plot.4.1.dylib in Frameworks */,
				5B4C244B226442ED00DFE5D2 /* libopencv_objdetect.dylib in Frameworks */,
				5B4C244C226442ED00DFE5D2 /* libopencv_dpm.dylib in Frameworks */,
				5B4C244D226442ED00DFE5D2 /* libopencv_imgproc.dylib in Frameworks */,
				5B4C244E226442ED00DFE5D2 /* libopencv_plot.4.1.0.dylib in Frameworks */,
				5B4C244F226442ED00DFE5D2 /* libopencv_dnn.dylib in Frameworks */,
				5B4C2450226442ED00DFE5D2 /* libopencv_rgbd.4.1.dylib in Frameworks */,
				5B4C2451226442ED00DFE5D2 /* libopencv_features2d.4.1.dylib in Frameworks */,
				5B4C2452226442ED00DFE5D2 /* libopencv_reg.4.1.dylib in Frameworks */,
				5B4C2453226442ED00DFE5D2 /* libopencv_datasets.dylib in Frameworks */,
				5B4C2454226442ED00DFE5D2 /* libopencv_superres.4.1.0.dylib in Frameworks */,
				5B4C2455226442ED00DFE5D2 /* libopencv_dnn_objdetect.dylib in Frameworks */,
				5B4C2456226442ED00DFE5D2 /* libopencv_xobjdetect.4.1.dylib in Frameworks */,
				5B4C2457226442ED00DFE5D2 /* libopencv_xphoto.dylib in Frameworks */,
				5B4C2458226442ED00DFE5D2 /* libopencv_core.dylib in Frameworks */,
				5B4C2459226442ED00DFE5D2 /* libopencv_fuzzy.4.1.0.dylib in Frameworks */,
				5B4C245A226442ED00DFE5D2 /* libopencv_reg.dylib in Frameworks */,
				5B4C245B226442ED00DFE5D2 /* libopencv_reg.4.1.0.dylib in Frameworks */,
				5B4C245C226442ED00DFE5D2 /* libopencv_dnn_objdetect.4.1.0.dylib in Frameworks */,
				5B4C245D226442ED00DFE5D2 /* libopencv_aruco.4.1.0.dylib in Frameworks */,
				5B4C245E226442ED00DFE5D2 /* libopencv_aruco.4.1.dylib in Frameworks */,
				5B4C245F226442ED00DFE5D2 /* libopencv_face.4.1.dylib in Frameworks */,
				5B4C2460226442ED00DFE5D2 /* libopencv_xfeatures2d.dylib in Frameworks */,
				5B4C2461226442ED00DFE5D2 /* libopencv_saliency.4.1.0.dylib in Frameworks */,
				5B4C2462226442ED00DFE5D2 /* libopencv_surface_matching.4.1.dylib in Frameworks */,
				5B4C2463226442ED00DFE5D2 /* libopencv_stitching.4.1.0.dylib in Frameworks */,
				5BC133F6229F568A0080F305 /* libglfw.3.3.dylib in Frameworks */,
				5B4C2464226442ED00DFE5D2 /* libopencv_phase_unwrapping.4.1.0.dylib in Frameworks */,
				5B4C23D9226442ED00DFE5D2 /* libopencv_optflow.dylib in Frameworks */,
			);
			runOnlyForDeploymentPostprocessing = 0;
		};
/* End PBXFrameworksBuildPhase section */

/* Begin PBXGroup section */
		5B4C234A226442EA00DFE5D2 /* Frameworks */ = {
			isa = PBXGroup;
			children = (
				5BC133F5229F568A0080F305 /* libglfw.3.3.dylib */,
				5BC133F3229F56240080F305 /* OpenGL.framework */,
				5B4C23D0226442EC00DFE5D2 /* libopencv_aruco.4.1.0.dylib */,
				5B4C23D1226442EC00DFE5D2 /* libopencv_aruco.4.1.dylib */,
				5B4C2370226442EB00DFE5D2 /* libopencv_aruco.dylib */,
				5B4C2386226442EB00DFE5D2 /* libopencv_bgsegm.4.1.0.dylib */,
				5B4C23AA226442EC00DFE5D2 /* libopencv_bgsegm.4.1.dylib */,
				5B4C237F226442EB00DFE5D2 /* libopencv_bgsegm.dylib */,
				5B4C2383226442EB00DFE5D2 /* libopencv_bioinspired.4.1.0.dylib */,
				5B4C239C226442EB00DFE5D2 /* libopencv_bioinspired.4.1.dylib */,
				5B4C2365226442EA00DFE5D2 /* libopencv_bioinspired.dylib */,
				5B4C234E226442EA00DFE5D2 /* libopencv_calib3d.4.1.0.dylib */,
				5B4C2363226442EA00DFE5D2 /* libopencv_calib3d.4.1.dylib */,
				5B4C2372226442EB00DFE5D2 /* libopencv_calib3d.dylib */,
				5B4C2379226442EB00DFE5D2 /* libopencv_ccalib.4.1.0.dylib */,
				5B4C239D226442EB00DFE5D2 /* libopencv_ccalib.4.1.dylib */,
				5B4C23A2226442EC00DFE5D2 /* libopencv_ccalib.dylib */,
				5B4C2374226442EB00DFE5D2 /* libopencv_core.4.1.0.dylib */,
				5B4C2373226442EB00DFE5D2 /* libopencv_core.4.1.dylib */,
				5B4C23CB226442EC00DFE5D2 /* libopencv_core.dylib */,
				5B4C2397226442EB00DFE5D2 /* libopencv_datasets.4.1.0.dylib */,
				5B4C2352226442EA00DFE5D2 /* libopencv_datasets.4.1.dylib */,
				5B4C23C6226442EC00DFE5D2 /* libopencv_datasets.dylib */,
				5B4C23CF226442EC00DFE5D2 /* libopencv_dnn_objdetect.4.1.0.dylib */,
				5B4C235E226442EA00DFE5D2 /* libopencv_dnn_objdetect.4.1.dylib */,
				5B4C23C8226442EC00DFE5D2 /* libopencv_dnn_objdetect.dylib */,
				5B4C235D226442EA00DFE5D2 /* libopencv_dnn.4.1.0.dylib */,
				5B4C2390226442EB00DFE5D2 /* libopencv_dnn.4.1.dylib */,
				5B4C23C2226442EC00DFE5D2 /* libopencv_dnn.dylib */,
				5B4C234D226442EA00DFE5D2 /* libopencv_dpm.4.1.0.dylib */,
				5B4C2362226442EA00DFE5D2 /* libopencv_dpm.4.1.dylib */,
				5B4C23BF226442EC00DFE5D2 /* libopencv_dpm.dylib */,
				5B4C23AF226442EC00DFE5D2 /* libopencv_face.4.1.0.dylib */,
				5B4C23D2226442EC00DFE5D2 /* libopencv_face.4.1.dylib */,
				5B4C2359226442EA00DFE5D2 /* libopencv_face.dylib */,
				5B4C2357226442EA00DFE5D2 /* libopencv_features2d.4.1.0.dylib */,
				5B4C23C4226442EC00DFE5D2 /* libopencv_features2d.4.1.dylib */,
				5B4C2376226442EB00DFE5D2 /* libopencv_features2d.dylib */,
				5B4C23BA226442EC00DFE5D2 /* libopencv_flann.4.1.0.dylib */,
				5B4C23B5226442EC00DFE5D2 /* libopencv_flann.4.1.dylib */,
				5B4C2375226442EB00DFE5D2 /* libopencv_flann.dylib */,
				5B4C2351226442EA00DFE5D2 /* libopencv_freetype.4.1.0.dylib */,
				5B4C2381226442EB00DFE5D2 /* libopencv_freetype.4.1.dylib */,
				5B4C2380226442EB00DFE5D2 /* libopencv_freetype.dylib */,
				5B4C23CC226442EC00DFE5D2 /* libopencv_fuzzy.4.1.0.dylib */,
				5B4C2399226442EB00DFE5D2 /* libopencv_fuzzy.4.1.dylib */,
				5B4C23B7226442EC00DFE5D2 /* libopencv_fuzzy.dylib */,
				5B4C235C226442EA00DFE5D2 /* libopencv_gapi.4.1.0.dylib */,
				5B4C23B9226442EC00DFE5D2 /* libopencv_gapi.4.1.dylib */,
				5B4C23B8226442EC00DFE5D2 /* libopencv_gapi.dylib */,
				5B4C2350226442EA00DFE5D2 /* libopencv_hfs.4.1.0.dylib */,
				5B4C237B226442EB00DFE5D2 /* libopencv_hfs.4.1.dylib */,
				5B4C23AC226442EC00DFE5D2 /* libopencv_hfs.dylib */,
				5B4C23B2226442EC00DFE5D2 /* libopencv_highgui.4.1.0.dylib */,
				5B4C235F226442EA00DFE5D2 /* libopencv_highgui.4.1.dylib */,
				5B4C234F226442EA00DFE5D2 /* libopencv_highgui.dylib */,
				5B4C2361226442EA00DFE5D2 /* libopencv_img_hash.4.1.0.dylib */,
				5B4C2385226442EB00DFE5D2 /* libopencv_img_hash.4.1.dylib */,
				5B4C2384226442EB00DFE5D2 /* libopencv_img_hash.dylib */,
				5B4C238E226442EB00DFE5D2 /* libopencv_imgcodecs.4.1.0.dylib */,
				5B4C2391226442EB00DFE5D2 /* libopencv_imgcodecs.4.1.dylib */,
				5B4C23BC226442EC00DFE5D2 /* libopencv_imgcodecs.dylib */,
				5B4C236F226442EB00DFE5D2 /* libopencv_imgproc.4.1.0.dylib */,
				5B4C2369226442EB00DFE5D2 /* libopencv_imgproc.4.1.dylib */,
				5B4C23C0226442EC00DFE5D2 /* libopencv_imgproc.dylib */,
				5B4C23A9226442EC00DFE5D2 /* libopencv_line_descriptor.4.1.0.dylib */,
				5B4C23A3226442EC00DFE5D2 /* libopencv_line_descriptor.4.1.dylib */,
				5B4C2377226442EB00DFE5D2 /* libopencv_line_descriptor.dylib */,
				5B4C235A226442EA00DFE5D2 /* libopencv_ml.4.1.0.dylib */,
				5B4C236B226442EB00DFE5D2 /* libopencv_ml.4.1.dylib */,
				5B4C237E226442EB00DFE5D2 /* libopencv_ml.dylib */,
				5B4C237C226442EB00DFE5D2 /* libopencv_objdetect.4.1.0.dylib */,
				5B4C238F226442EB00DFE5D2 /* libopencv_objdetect.4.1.dylib */,
				5B4C23BE226442EC00DFE5D2 /* libopencv_objdetect.dylib */,
				5B4C23A5226442EC00DFE5D2 /* libopencv_optflow.4.1.0.dylib */,
				5B4C23A1226442EB00DFE5D2 /* libopencv_optflow.4.1.dylib */,
				5B4C234C226442EA00DFE5D2 /* libopencv_optflow.dylib */,
				5B4C23D7226442ED00DFE5D2 /* libopencv_phase_unwrapping.4.1.0.dylib */,
				5B4C2367226442EA00DFE5D2 /* libopencv_phase_unwrapping.4.1.dylib */,
				5B4C2355226442EA00DFE5D2 /* libopencv_phase_unwrapping.dylib */,
				5B4C238B226442EB00DFE5D2 /* libopencv_photo.4.1.0.dylib */,
				5B4C2395226442EB00DFE5D2 /* libopencv_photo.4.1.dylib */,
				5B4C234B226442EA00DFE5D2 /* libopencv_photo.dylib */,
				5B4C23C1226442EC00DFE5D2 /* libopencv_plot.4.1.0.dylib */,
				5B4C23BD226442EC00DFE5D2 /* libopencv_plot.4.1.dylib */,
				5B4C236A226442EB00DFE5D2 /* libopencv_plot.dylib */,
				5B4C236C226442EB00DFE5D2 /* libopencv_quality.4.1.0.dylib */,
				5B4C238C226442EB00DFE5D2 /* libopencv_quality.4.1.dylib */,
				5B4C2356226442EA00DFE5D2 /* libopencv_quality.dylib */,
				5B4C23CE226442EC00DFE5D2 /* libopencv_reg.4.1.0.dylib */,
				5B4C23C5226442EC00DFE5D2 /* libopencv_reg.4.1.dylib */,
				5B4C23CD226442EC00DFE5D2 /* libopencv_reg.dylib */,
				5B4C2392226442EB00DFE5D2 /* libopencv_rgbd.4.1.0.dylib */,
				5B4C23C3226442EC00DFE5D2 /* libopencv_rgbd.4.1.dylib */,
				5B4C2364226442EA00DFE5D2 /* libopencv_rgbd.dylib */,
				5B4C23D4226442EC00DFE5D2 /* libopencv_saliency.4.1.0.dylib */,
				5B4C23BB226442EC00DFE5D2 /* libopencv_saliency.4.1.dylib */,
				5B4C2398226442EB00DFE5D2 /* libopencv_saliency.dylib */,
				5B4C23B4226442EC00DFE5D2 /* libopencv_shape.4.1.0.dylib */,
				5B4C2387226442EB00DFE5D2 /* libopencv_shape.4.1.dylib */,
				5B4C23B0226442EC00DFE5D2 /* libopencv_shape.dylib */,
				5B4C237D226442EB00DFE5D2 /* libopencv_stereo.4.1.0.dylib */,
				5B4C239E226442EB00DFE5D2 /* libopencv_stereo.4.1.dylib */,
				5B4C2396226442EB00DFE5D2 /* libopencv_stereo.dylib */,
				5B4C23D6226442ED00DFE5D2 /* libopencv_stitching.4.1.0.dylib */,
				5B4C23B3226442EC00DFE5D2 /* libopencv_stitching.4.1.dylib */,
				5B4C2360226442EA00DFE5D2 /* libopencv_stitching.dylib */,
				5B4C2366226442EA00DFE5D2 /* libopencv_structured_light.4.1.0.dylib */,
				5B4C23A7226442EC00DFE5D2 /* libopencv_structured_light.4.1.dylib */,
				5B4C23AB226442EC00DFE5D2 /* libopencv_structured_light.dylib */,
				5B4C23C7226442EC00DFE5D2 /* libopencv_superres.4.1.0.dylib */,
				5B4C2358226442EA00DFE5D2 /* libopencv_superres.4.1.dylib */,
				5B4C23B6226442EC00DFE5D2 /* libopencv_superres.dylib */,
				5B4C236E226442EB00DFE5D2 /* libopencv_surface_matching.4.1.0.dylib */,
				5B4C23D5226442EC00DFE5D2 /* libopencv_surface_matching.4.1.dylib */,
				5B4C2393226442EB00DFE5D2 /* libopencv_surface_matching.dylib */,
				5B4C236D226442EB00DFE5D2 /* libopencv_text.4.1.0.dylib */,
				5B4C237A226442EB00DFE5D2 /* libopencv_text.4.1.dylib */,
				5B4C23A0226442EB00DFE5D2 /* libopencv_text.dylib */,
				5B4C2394226442EB00DFE5D2 /* libopencv_tracking.4.1.0.dylib */,
				5B4C2368226442EA00DFE5D2 /* libopencv_tracking.4.1.dylib */,
				5B4C23A4226442EC00DFE5D2 /* libopencv_tracking.dylib */,
				5B4C23AD226442EC00DFE5D2 /* libopencv_video.4.1.0.dylib */,
				5B4C2378226442EB00DFE5D2 /* libopencv_video.4.1.dylib */,
				5B4C23B1226442EC00DFE5D2 /* libopencv_video.dylib */,
				5B4C239A226442EB00DFE5D2 /* libopencv_videoio.4.1.0.dylib */,
				5B4C235B226442EA00DFE5D2 /* libopencv_videoio.4.1.dylib */,
				5B4C2389226442EB00DFE5D2 /* libopencv_videoio.dylib */,
				5B4C2353226442EA00DFE5D2 /* libopencv_videostab.4.1.0.dylib */,
				5B4C2382226442EB00DFE5D2 /* libopencv_videostab.4.1.dylib */,
				5B4C238A226442EB00DFE5D2 /* libopencv_videostab.dylib */,
				5B4C239F226442EB00DFE5D2 /* libopencv_xfeatures2d.4.1.0.dylib */,
				5B4C23AE226442EC00DFE5D2 /* libopencv_xfeatures2d.4.1.dylib */,
				5B4C23D3226442EC00DFE5D2 /* libopencv_xfeatures2d.dylib */,
				5B4C239B226442EB00DFE5D2 /* libopencv_ximgproc.4.1.0.dylib */,
				5B4C2354226442EA00DFE5D2 /* libopencv_ximgproc.4.1.dylib */,
				5B4C2371226442EB00DFE5D2 /* libopencv_ximgproc.dylib */,
				5B4C2388226442EB00DFE5D2 /* libopencv_xobjdetect.4.1.0.dylib */,
				5B4C23C9226442EC00DFE5D2 /* libopencv_xobjdetect.4.1.dylib */,
				5B4C238D226442EB00DFE5D2 /* libopencv_xobjdetect.dylib */,
				5B4C23A6226442EC00DFE5D2 /* libopencv_xphoto.4.1.0.dylib */,
				5B4C23A8226442EC00DFE5D2 /* libopencv_xphoto.4.1.dylib */,
				5B4C23CA226442EC00DFE5D2 /* libopencv_xphoto.dylib */,
			);
			name = Frameworks;
			sourceTree = "<group>";
		};
		5B56FDD42264098F00C3D187 = {
			isa = PBXGroup;
			children = (
				5B56FDDF2264098F00C3D187 /* AugmentedReality */,
				5B56FDDE2264098F00C3D187 /* Products */,
				5B4C234A226442EA00DFE5D2 /* Frameworks */,
			);
			sourceTree = "<group>";
		};
		5B56FDDE2264098F00C3D187 /* Products */ = {
			isa = PBXGroup;
			children = (
				5B56FDDD2264098F00C3D187 /* AugmentedReality */,
			);
			name = Products;
			sourceTree = "<group>";
		};
		5B56FDDF2264098F00C3D187 /* AugmentedReality */ = {
			isa = PBXGroup;
			children = (
				5B4C2465226444A800DFE5D2 /* Info.plist */,
				5BC13405229F5AD60080F305 /* MarkerTracker.h */,
				5BC13403229F5AD40080F305 /* MarkerTracker.cpp */,
				5BC13406229F5AE50080F305 /* PoseEstimation.cpp */,
				5B4BBB39229F6B860088F97E /* main.cpp */,
				5BC13408229F5AEA0080F305 /* PoseEstimation.h */,
				5B4BBB3C229F6BBB0088F97E /* DrawPrimitives.h */,
			);
			path = AugmentedReality;
			sourceTree = "<group>";
		};
/* End PBXGroup section */

/* Begin PBXNativeTarget section */
		5B56FDDC2264098F00C3D187 /* AugmentedReality */ = {
			isa = PBXNativeTarget;
			buildConfigurationList = 5B56FDE42264098F00C3D187 /* Build configuration list for PBXNativeTarget "AugmentedReality" */;
			buildPhases = (
				5B56FDD92264098F00C3D187 /* Sources */,
				5B56FDDA2264098F00C3D187 /* Frameworks */,
				5B56FDDB2264098F00C3D187 /* CopyFiles */,
			);
			buildRules = (
			);
			dependencies = (
			);
			name = AugmentedReality;
			productName = AugmentedReality;
			productReference = 5B56FDDD2264098F00C3D187 /* AugmentedReality */;
			productType = "com.apple.product-type.tool";
		};
/* End PBXNativeTarget section */

/* Begin PBXProject section */
		5B56FDD52264098F00C3D187 /* Project object */ = {
			isa = PBXProject;
			attributes = {
				LastUpgradeCheck = 1020;
				ORGANIZATIONNAME = "linsho kaku";
				TargetAttributes = {
					5B56FDDC2264098F00C3D187 = {
						CreatedOnToolsVersion = 10.2;
					};
				};
			};
			buildConfigurationList = 5B56FDD82264098F00C3D187 /* Build configuration list for PBXProject "AugmentedReality" */;
			compatibilityVersion = "Xcode 9.3";
			developmentRegion = en;
			hasScannedForEncodings = 0;
			knownRegions = (
				en,
			);
			mainGroup = 5B56FDD42264098F00C3D187;
			productRefGroup = 5B56FDDE2264098F00C3D187 /* Products */;
			projectDirPath = "";
			projectRoot = "";
			targets = (
				5B56FDDC2264098F00C3D187 /* AugmentedReality */,
			);
		};
/* End PBXProject section */

/* Begin PBXSourcesBuildPhase section */
		5B56FDD92264098F00C3D187 /* Sources */ = {
			isa = PBXSourcesBuildPhase;
			buildActionMask = 2147483647;
			files = (
				5BC13407229F5AE50080F305 /* PoseEstimation.cpp in Sources */,
				5BC13404229F5AD40080F305 /* MarkerTracker.cpp in Sources */,
				5B4BBB3A229F6B860088F97E /* main.cpp in Sources */,
			);
			runOnlyForDeploymentPostprocessing = 0;
		};
/* End PBXSourcesBuildPhase section */

/* Begin XCBuildConfiguration section */
		5B56FDE22264098F00C3D187 /* Debug */ = {
			isa = XCBuildConfiguration;
			buildSettings = {
				ALWAYS_SEARCH_USER_PATHS = NO;
				CLANG_ANALYZER_NONNULL = YES;
				CLANG_ANALYZER_NUMBER_OBJECT_CONVERSION = YES_AGGRESSIVE;
				CLANG_CXX_LANGUAGE_STANDARD = "c++17";
				CLANG_CXX_LIBRARY = "libc++";
				CLANG_ENABLE_MODULES = YES;
				CLANG_ENABLE_OBJC_ARC = YES;
				CLANG_ENABLE_OBJC_WEAK = YES;
				CLANG_WARN_BLOCK_CAPTURE_AUTORELEASING = YES;
				CLANG_WARN_BOOL_CONVERSION = YES;
				CLANG_WARN_COMMA = YES;
				CLANG_WARN_CONSTANT_CONVERSION = YES;
				CLANG_WARN_DEPRECATED_OBJC_IMPLEMENTATIONS = YES;
				CLANG_WARN_DIRECT_OBJC_ISA_USAGE = YES_ERROR;
				CLANG_WARN_DOCUMENTATION_COMMENTS = NO;
				CLANG_WARN_EMPTY_BODY = YES;
				CLANG_WARN_ENUM_CONVERSION = YES;
				CLANG_WARN_INFINITE_RECURSION = YES;
				CLANG_WARN_INT_CONVERSION = YES;
				CLANG_WARN_NON_LITERAL_NULL_CONVERSION = YES;
				CLANG_WARN_OBJC_IMPLICIT_RETAIN_SELF = YES;
				CLANG_WARN_OBJC_LITERAL_CONVERSION = YES;
				CLANG_WARN_OBJC_ROOT_CLASS = YES_ERROR;
				CLANG_WARN_RANGE_LOOP_ANALYSIS = YES;
				CLANG_WARN_STRICT_PROTOTYPES = YES;
				CLANG_WARN_SUSPICIOUS_MOVE = YES;
				CLANG_WARN_UNGUARDED_AVAILABILITY = YES_AGGRESSIVE;
				CLANG_WARN_UNREACHABLE_CODE = YES;
				CLANG_WARN__DUPLICATE_METHOD_MATCH = YES;
				CODE_SIGN_IDENTITY = "-";
				COPY_PHASE_STRIP = NO;
				DEBUG_INFORMATION_FORMAT = dwarf;
				ENABLE_STRICT_OBJC_MSGSEND = YES;
				ENABLE_TESTABILITY = YES;
				GCC_C_LANGUAGE_STANDARD = gnu11;
				GCC_DYNAMIC_NO_PIC = NO;
				GCC_NO_COMMON_BLOCKS = YES;
				GCC_OPTIMIZATION_LEVEL = 0;
				GCC_PREPROCESSOR_DEFINITIONS = (
					"DEBUG=1",
					"$(inherited)",
				);
				GCC_WARN_64_TO_32_BIT_CONVERSION = YES;
				GCC_WARN_ABOUT_RETURN_TYPE = YES_ERROR;
				GCC_WARN_UNDECLARED_SELECTOR = YES;
				GCC_WARN_UNINITIALIZED_AUTOS = YES_AGGRESSIVE;
				GCC_WARN_UNUSED_FUNCTION = YES;
				GCC_WARN_UNUSED_VARIABLE = YES;
				HEADER_SEARCH_PATHS = "";
				"HEADER_SEARCH_PATHS[arch=*]" = "";
				MACOSX_DEPLOYMENT_TARGET = 10.14;
				MTL_ENABLE_DEBUG_INFO = INCLUDE_SOURCE;
				MTL_FAST_MATH = YES;
				ONLY_ACTIVE_ARCH = YES;
				SDKROOT = macosx;
			};
			name = Debug;
		};
		5B56FDE32264098F00C3D187 /* Release */ = {
			isa = XCBuildConfiguration;
			buildSettings = {
				ALWAYS_SEARCH_USER_PATHS = NO;
				CLANG_ANALYZER_NONNULL = YES;
				CLANG_ANALYZER_NUMBER_OBJECT_CONVERSION = YES_AGGRESSIVE;
				CLANG_CXX_LANGUAGE_STANDARD = "c++17";
				CLANG_CXX_LIBRARY = "libc++";
				CLANG_ENABLE_MODULES = YES;
				CLANG_ENABLE_OBJC_ARC = YES;
				CLANG_ENABLE_OBJC_WEAK = YES;
				CLANG_WARN_BLOCK_CAPTURE_AUTORELEASING = YES;
				CLANG_WARN_BOOL_CONVERSION = YES;
				CLANG_WARN_COMMA = YES;
				CLANG_WARN_CONSTANT_CONVERSION = YES;
				CLANG_WARN_DEPRECATED_OBJC_IMPLEMENTATIONS = YES;
				CLANG_WARN_DIRECT_OBJC_ISA_USAGE = YES_ERROR;
				CLANG_WARN_DOCUMENTATION_COMMENTS = NO;
				CLANG_WARN_EMPTY_BODY = YES;
				CLANG_WARN_ENUM_CONVERSION = YES;
				CLANG_WARN_INFINITE_RECURSION = YES;
				CLANG_WARN_INT_CONVERSION = YES;
				CLANG_WARN_NON_LITERAL_NULL_CONVERSION = YES;
				CLANG_WARN_OBJC_IMPLICIT_RETAIN_SELF = YES;
				CLANG_WARN_OBJC_LITERAL_CONVERSION = YES;
				CLANG_WARN_OBJC_ROOT_CLASS = YES_ERROR;
				CLANG_WARN_RANGE_LOOP_ANALYSIS = YES;
				CLANG_WARN_STRICT_PROTOTYPES = YES;
				CLANG_WARN_SUSPICIOUS_MOVE = YES;
				CLANG_WARN_UNGUARDED_AVAILABILITY = YES_AGGRESSIVE;
				CLANG_WARN_UNREACHABLE_CODE = YES;
				CLANG_WARN__DUPLICATE_METHOD_MATCH = YES;
				CODE_SIGN_IDENTITY = "-";
				COPY_PHASE_STRIP = NO;
				DEBUG_INFORMATION_FORMAT = "dwarf-with-dsym";
				ENABLE_NS_ASSERTIONS = NO;
				ENABLE_STRICT_OBJC_MSGSEND = YES;
				GCC_C_LANGUAGE_STANDARD = gnu11;
				GCC_NO_COMMON_BLOCKS = YES;
				GCC_WARN_64_TO_32_BIT_CONVERSION = YES;
				GCC_WARN_ABOUT_RETURN_TYPE = YES_ERROR;
				GCC_WARN_UNDECLARED_SELECTOR = YES;
				GCC_WARN_UNINITIALIZED_AUTOS = YES_AGGRESSIVE;
				GCC_WARN_UNUSED_FUNCTION = YES;
				GCC_WARN_UNUSED_VARIABLE = YES;
				HEADER_SEARCH_PATHS = "";
				MACOSX_DEPLOYMENT_TARGET = 10.14;
				MTL_ENABLE_DEBUG_INFO = NO;
				MTL_FAST_MATH = YES;
				SDKROOT = macosx;
			};
			name = Release;
		};
		5B56FDE52264098F00C3D187 /* Debug */ = {
			isa = XCBuildConfiguration;
			buildSettings = {
				"ALWAYS_SEARCH_USER_PATHS[arch=*]" = NO;
				CODE_SIGN_IDENTITY = "Mac Developer";
				CODE_SIGN_STYLE = Automatic;
				DEVELOPMENT_TEAM = 2K832643FJ;
				HEADER_SEARCH_PATHS = (
					/usr/local/include,
					/usr/local/Cellar/opencv/4.1.0/include/opencv4,
				);
				INFOPLIST_FILE = /Users/YangZheHao/Dropbox/TokyoTech/Courses_2019_1Q/AR_FinalProject/AugmentedReality/Info.plist;
				LIBRARY_SEARCH_PATHS = (
					"$(inherited)",
					/usr/local/Cellar/opencv/4.1.0/lib,
					/usr/local/lib,
				);
				PRODUCT_BUNDLE_IDENTIFIER = rio.gsic.titech.ac.jp;
				PRODUCT_NAME = "$(TARGET_NAME)";
				PROVISIONING_PROFILE_SPECIFIER = "";
			};
			name = Debug;
		};
		5B56FDE62264098F00C3D187 /* Release */ = {
			isa = XCBuildConfiguration;
			buildSettings = {
				CODE_SIGN_IDENTITY = "Mac Developer";
				CODE_SIGN_STYLE = Automatic;
				DEVELOPMENT_TEAM = 2K832643FJ;
				HEADER_SEARCH_PATHS = (
					/usr/local/include,
					/usr/local/Cellar/opencv/4.1.0/include/opencv4,
				);
				INFOPLIST_FILE = /Users/YangZheHao/Dropbox/TokyoTech/Courses_2019_1Q/AR_FinalProject/AugmentedReality/Info.plist;
				LIBRARY_SEARCH_PATHS = (
					"$(inherited)",
					/usr/local/Cellar/opencv/4.1.0/lib,
					/usr/local/lib,
				);
				PRODUCT_BUNDLE_IDENTIFIER = rio.gsic.titech.ac.jp;
				PRODUCT_NAME = "$(TARGET_NAME)";
				PROVISIONING_PROFILE_SPECIFIER = "";
			};
			name = Release;
		};
/* End XCBuildConfiguration section */

/* Begin XCConfigurationList section */
		5B56FDD82264098F00C3D187 /* Build configuration list for PBXProject "AugmentedReality" */ = {
			isa = XCConfigurationList;
			buildConfigurations = (
				5B56FDE22264098F00C3D187 /* Debug */,
				5B56FDE32264098F00C3D187 /* Release */,
			);
			defaultConfigurationIsVisible = 0;
			defaultConfigurationName = Release;
		};
		5B56FDE42264098F00C3D187 /* Build configuration list for PBXNativeTarget "AugmentedReality" */ = {
			isa = XCConfigurationList;
			buildConfigurations = (
				5B56FDE52264098F00C3D187 /* Debug */,
				5B56FDE62264098F00C3D187 /* Release */,
			);
			defaultConfigurationIsVisible = 0;
			defaultConfigurationName = Release;
		};
/* End XCConfigurationList section */
	};
	rootObject = 5B56FDD52264098F00C3D187 /* Project object */;
}
